// !$*UTF8*$!
{
	archiveVersion = 1;
	classes = {
	};
	objectVersion = 52;
	objects = {

/* Begin PBXBuildFile section */
		2A03BEDA2428BC6F0094852B /* AppDelegate.swift in Sources */ = {isa = PBXBuildFile; fileRef = 2A03BED92428BC6F0094852B /* AppDelegate.swift */; };
		2A03BEDC2428BC6F0094852B /* SceneDelegate.swift in Sources */ = {isa = PBXBuildFile; fileRef = 2A03BEDB2428BC6F0094852B /* SceneDelegate.swift */; };
		2A03BEDE2428BC6F0094852B /* ContentView.swift in Sources */ = {isa = PBXBuildFile; fileRef = 2A03BEDD2428BC6F0094852B /* ContentView.swift */; };
		2A03BEE02428BC700094852B /* Assets.xcassets in Resources */ = {isa = PBXBuildFile; fileRef = 2A03BEDF2428BC700094852B /* Assets.xcassets */; };
		2A03BEE32428BC700094852B /* Preview Assets.xcassets in Resources */ = {isa = PBXBuildFile; fileRef = 2A03BEE22428BC700094852B /* Preview Assets.xcassets */; };
		2A03BEE62428BC700094852B /* LaunchScreen.storyboard in Resources */ = {isa = PBXBuildFile; fileRef = 2A03BEE42428BC700094852B /* LaunchScreen.storyboard */; };
		2A03BEEF2428BD3F0094852B /* SwiftPI in Frameworks */ = {isa = PBXBuildFile; productRef = 2A03BEEE2428BD3F0094852B /* SwiftPI */; };
		2A03BF022428C04F0094852B /* CaseAnnotations.swift in Sources */ = {isa = PBXBuildFile; fileRef = 2A03BEF12428C04F0094852B /* CaseAnnotations.swift */; };
		2A03BF032428C04F0094852B /* Corona.swift in Sources */ = {isa = PBXBuildFile; fileRef = 2A03BEF22428C04F0094852B /* Corona.swift */; };
		2A03BF052428C04F0094852B /* CoronaStore.swift in Sources */ = {isa = PBXBuildFile; fileRef = 2A03BEF42428C04F0094852B /* CoronaStore.swift */; };
		2A03BF062428C04F0094852B /* CaseData.swift in Sources */ = {isa = PBXBuildFile; fileRef = 2A03BEF52428C04F0094852B /* CaseData.swift */; };
		2A03BF072428C04F0094852B /* CasesTableView.swift in Sources */ = {isa = PBXBuildFile; fileRef = 2A03BEF72428C04F0094852B /* CasesTableView.swift */; };
		2A03BF082428C04F0094852B /* PreferenceKeys.swift in Sources */ = {isa = PBXBuildFile; fileRef = 2A03BEF92428C04F0094852B /* PreferenceKeys.swift */; };
		2A03BF092428C04F0094852B /* Extension+View.swift in Sources */ = {isa = PBXBuildFile; fileRef = 2A03BEFA2428C04F0094852B /* Extension+View.swift */; };
		2A03BF0B2428C04F0094852B /* CasesChartView.swift in Sources */ = {isa = PBXBuildFile; fileRef = 2A03BEFD2428C04F0094852B /* CasesChartView.swift */; };
		2A03BF0D2428C04F0094852B /* MapViewsOLD.swift in Sources */ = {isa = PBXBuildFile; fileRef = 2A03BF002428C04F0094852B /* MapViewsOLD.swift */; };
		2A03BF0E2428C04F0094852B /* CasesOnMapView.swift in Sources */ = {isa = PBXBuildFile; fileRef = 2A03BF012428C04F0094852B /* CasesOnMapView.swift */; };
		2A03BF122428C9890094852B /* TopTenBarChartVert.swift in Sources */ = {isa = PBXBuildFile; fileRef = 2A03BF112428C9890094852B /* TopTenBarChartVert.swift */; };
		2A234EE42434EF830003C302 /* TimePeriod.swift in Sources */ = {isa = PBXBuildFile; fileRef = 2A234EE32434EF830003C302 /* TimePeriod.swift */; };
		2A24A40C243B68BE0097C3EB /* MultiCharts.swift in Sources */ = {isa = PBXBuildFile; fileRef = 2A24A40B243B68BE0097C3EB /* MultiCharts.swift */; };
		2A24A40E243BA49A0097C3EB /* LineChart.swift in Sources */ = {isa = PBXBuildFile; fileRef = 2A24A40D243BA49A0097C3EB /* LineChart.swift */; };
		2A24A410243C6AA10097C3EB /* DotChart.swift in Sources */ = {isa = PBXBuildFile; fileRef = 2A24A40F243C6AA10097C3EB /* DotChart.swift */; };
		2A24A412243C6BC10097C3EB /* CG+Extensions.swift in Sources */ = {isa = PBXBuildFile; fileRef = 2A24A411243C6BC10097C3EB /* CG+Extensions.swift */; };
		2A445F3124292E94007C6846 /* AxisY.swift in Sources */ = {isa = PBXBuildFile; fileRef = 2A445F3024292E94007C6846 /* AxisY.swift */; };
		2A445F3324292F1A007C6846 /* GraphGridShape.swift in Sources */ = {isa = PBXBuildFile; fileRef = 2A445F3224292F1A007C6846 /* GraphGridShape.swift */; };
		2A4E35EB2432294900F84C72 /* NotificationSettingsSection.swift in Sources */ = {isa = PBXBuildFile; fileRef = 2A4E35EA2432294900F84C72 /* NotificationSettingsSection.swift */; };
		2A6607FD242BF2730056C849 /* MapKit+Extensions.swift in Sources */ = {isa = PBXBuildFile; fileRef = 2A6607FC242BF2730056C849 /* MapKit+Extensions.swift */; };
		2A6607FF242BF7060056C849 /* MapView.swift in Sources */ = {isa = PBXBuildFile; fileRef = 2A6607FE242BF7060056C849 /* MapView.swift */; };
		2A660801242CC7720056C849 /* CaseAnnotationView.swift in Sources */ = {isa = PBXBuildFile; fileRef = 2A660800242CC7720056C849 /* CaseAnnotationView.swift */; };
		2A74F0B32428CB8400137694 /* DoublingModel.swift in Sources */ = {isa = PBXBuildFile; fileRef = 2A74F0AF2428CB8400137694 /* DoublingModel.swift */; };
		2A74F0B42428CB8400137694 /* History.swift in Sources */ = {isa = PBXBuildFile; fileRef = 2A74F0B02428CB8400137694 /* History.swift */; };
		2A74F0B52428CB8400137694 /* Settings.swift in Sources */ = {isa = PBXBuildFile; fileRef = 2A74F0B12428CB8400137694 /* Settings.swift */; };
		2A74F0B92428CBB400137694 /* HeatedLineChart.swift in Sources */ = {isa = PBXBuildFile; fileRef = 2A74F0B62428CBB300137694 /* HeatedLineChart.swift */; };
		2A74F0BA2428CBB400137694 /* LineGraphGrid.swift in Sources */ = {isa = PBXBuildFile; fileRef = 2A74F0B72428CBB300137694 /* LineGraphGrid.swift */; };
		2A74F0BB2428CBB400137694 /* LineGraphShape.swift in Sources */ = {isa = PBXBuildFile; fileRef = 2A74F0B82428CBB300137694 /* LineGraphShape.swift */; };
		2A74F0BF2428CE3E00137694 /* DoublingTimeView.swift in Sources */ = {isa = PBXBuildFile; fileRef = 2A74F0BD2428CE3E00137694 /* DoublingTimeView.swift */; };
		2A74F0C02428CE3E00137694 /* WikiQuoteView.swift in Sources */ = {isa = PBXBuildFile; fileRef = 2A74F0BE2428CE3E00137694 /* WikiQuoteView.swift */; };
		2A74F0C62428CE7B00137694 /* Table.swift in Sources */ = {isa = PBXBuildFile; fileRef = 2A74F0C22428CE7B00137694 /* Table.swift */; };
		2A74F0C72428CE7B00137694 /* Extensions.swift in Sources */ = {isa = PBXBuildFile; fileRef = 2A74F0C32428CE7B00137694 /* Extensions.swift */; };
		2A74F0C82428CE7B00137694 /* CountryPicker.swift in Sources */ = {isa = PBXBuildFile; fileRef = 2A74F0C42428CE7B00137694 /* CountryPicker.swift */; };
		2A74F0CC2428FB3A00137694 /* CasesLineChartView.swift in Sources */ = {isa = PBXBuildFile; fileRef = 2A74F0CB2428FB3A00137694 /* CasesLineChartView.swift */; };
		2A96535024333FD0002A93A7 /* Extension+Notification.Name.swift in Sources */ = {isa = PBXBuildFile; fileRef = 2A96534F24333FD0002A93A7 /* Extension+Notification.Name.swift */; };
		2A96535424335810002A93A7 /* NotificationsSettingsView.swift in Sources */ = {isa = PBXBuildFile; fileRef = 2A96535324335810002A93A7 /* NotificationsSettingsView.swift */; };
		2A965356243360A4002A93A7 /* NotificationDelegate.swift in Sources */ = {isa = PBXBuildFile; fileRef = 2A965355243360A4002A93A7 /* NotificationDelegate.swift */; };
		2A9974D3244125BB004FF043 /* WhatsNew.swift in Sources */ = {isa = PBXBuildFile; fileRef = 2A9974D2244125BB004FF043 /* WhatsNew.swift */; };
		2A9974D6244126CF004FF043 /* MapColorCodeView.swift in Sources */ = {isa = PBXBuildFile; fileRef = 2A9974D5244126CF004FF043 /* MapColorCodeView.swift */; };
		2A9974D824419E54004FF043 /* Deviation.swift in Sources */ = {isa = PBXBuildFile; fileRef = 2A9974D724419E54004FF043 /* Deviation.swift */; };
		2A9974DA24419EAB004FF043 /* CaseRow.swift in Sources */ = {isa = PBXBuildFile; fileRef = 2A9974D924419EAB004FF043 /* CaseRow.swift */; };
		2A9974DC2441ABBE004FF043 /* CountryList.swift in Sources */ = {isa = PBXBuildFile; fileRef = 2A9974DB2441ABBE004FF043 /* CountryList.swift */; };
		2A9974E024426F5A004FF043 /* Population.swift in Sources */ = {isa = PBXBuildFile; fileRef = 2A9974DF24426F5A004FF043 /* Population.swift */; };
		2A9974E4244270A3004FF043 /* population.json in Resources */ = {isa = PBXBuildFile; fileRef = 2A9974E3244270A3004FF043 /* population.json */; };
		2A9974E8244270FC004FF043 /* Bundle+Extension.swift in Sources */ = {isa = PBXBuildFile; fileRef = 2A9974E7244270FC004FF043 /* Bundle+Extension.swift */; };
		2A9974EA2442720B004FF043 /* PopulationView.swift in Sources */ = {isa = PBXBuildFile; fileRef = 2A9974E92442720B004FF043 /* PopulationView.swift */; };
		2AAAC6EF242A384000C03E5B /* SettingsView.swift in Sources */ = {isa = PBXBuildFile; fileRef = 2AAAC6EE242A384000C03E5B /* SettingsView.swift */; };
		2AB947372430FCA4009C18ED /* MapWithLineChartView.swift in Sources */ = {isa = PBXBuildFile; fileRef = 2AB947362430FCA4009C18ED /* MapWithLineChartView.swift */; };
		2AB94739243126A1009C18ED /* CasesChartsIPad.swift in Sources */ = {isa = PBXBuildFile; fileRef = 2AB94738243126A1009C18ED /* CasesChartsIPad.swift */; };
		2AB9473B24312A8A009C18ED /* CaseBar.swift in Sources */ = {isa = PBXBuildFile; fileRef = 2AB9473A24312A8A009C18ED /* CaseBar.swift */; };
		2AB9473D24312B9C009C18ED /* CaseChart.swift in Sources */ = {isa = PBXBuildFile; fileRef = 2AB9473C24312B9C009C18ED /* CaseChart.swift */; };
		2AC7EB8F243DCEC900454FFA /* Gradient+Extension.swift in Sources */ = {isa = PBXBuildFile; fileRef = 2AC7EB8E243DCEC900454FFA /* Gradient+Extension.swift */; };
		2AC7EB91243DD5FE00454FFA /* GridShape.swift in Sources */ = {isa = PBXBuildFile; fileRef = 2AC7EB90243DD5FE00454FFA /* GridShape.swift */; };
		2AC7EB93243E634E00454FFA /* Axis.swift in Sources */ = {isa = PBXBuildFile; fileRef = 2AC7EB92243E634E00454FFA /* Axis.swift */; };
		2AC7EB95243E63E100454FFA /* Array+Ext.swift in Sources */ = {isa = PBXBuildFile; fileRef = 2AC7EB94243E63E100454FFA /* Array+Ext.swift */; };
		2ACF1C6E2430A7830045C531 /* CaseDataTypePicker.swift in Sources */ = {isa = PBXBuildFile; fileRef = 2ACF1C6D2430A7830045C531 /* CaseDataTypePicker.swift */; };
		2ACF1C722430B4EC0045C531 /* CountryCasesHeader.swift in Sources */ = {isa = PBXBuildFile; fileRef = 2ACF1C712430B4EC0045C531 /* CountryCasesHeader.swift */; };
		2AD13AAC243FB1EB00B61CCE /* HistoryTableIPad.swift in Sources */ = {isa = PBXBuildFile; fileRef = 2AD13AAB243FB1EB00B61CCE /* HistoryTableIPad.swift */; };
		2AD693BB2443493300F550A0 /* PrimeCountryPicker.swift in Sources */ = {isa = PBXBuildFile; fileRef = 2AD693BA2443493300F550A0 /* PrimeCountryPicker.swift */; };
		2AE2C4BD2435E26500CC8476 /* SwipeableCasesCharts.swift in Sources */ = {isa = PBXBuildFile; fileRef = 2AE2C4BC2435E26500CC8476 /* SwipeableCasesCharts.swift */; };
		2AE2C50B243721A900CC8476 /* NotificationsSettings.swift in Sources */ = {isa = PBXBuildFile; fileRef = 2AE2C50A243721A900CC8476 /* NotificationsSettings.swift */; };
		2AE2C50D243723B800CC8476 /* Date+Extensions.swift in Sources */ = {isa = PBXBuildFile; fileRef = 2AE2C50C243723B800CC8476 /* Date+Extensions.swift */; };
		2AE2C50F2437376500CC8476 /* PrimeCountries.swift in Sources */ = {isa = PBXBuildFile; fileRef = 2AE2C50E2437376500CC8476 /* PrimeCountries.swift */; };
		2AE2C5132437417E00CC8476 /* Array+Extension.swift in Sources */ = {isa = PBXBuildFile; fileRef = 2AE2C5122437417E00CC8476 /* Array+Extension.swift */; };
		2AE2C5152437446700CC8476 /* LineChartSettingsSection.swift in Sources */ = {isa = PBXBuildFile; fileRef = 2AE2C5142437446700CC8476 /* LineChartSettingsSection.swift */; };
		2AE2C5292438762500CC8476 /* LeftVerticalLine.swift in Sources */ = {isa = PBXBuildFile; fileRef = 2AE2C5282438762500CC8476 /* LeftVerticalLine.swift */; };
		2AE2C52D24389DC100CC8476 /* MovingCrossHair.swift in Sources */ = {isa = PBXBuildFile; fileRef = 2AE2C52C24389DC100CC8476 /* MovingCrossHair.swift */; };
		2AE2C52F24389EFF00CC8476 /* New+Extensions.swift in Sources */ = {isa = PBXBuildFile; fileRef = 2AE2C52E24389EFF00CC8476 /* New+Extensions.swift */; };
		2AE2C5312438A13700CC8476 /* TopHorizontalLine.swift in Sources */ = {isa = PBXBuildFile; fileRef = 2AE2C5302438A13700CC8476 /* TopHorizontalLine.swift */; };
		2AE2C5332438D2C200CC8476 /* GridView.swift in Sources */ = {isa = PBXBuildFile; fileRef = 2AE2C5322438D2C200CC8476 /* GridView.swift */; };
		2AE2C53524393DEF00CC8476 /* TapPointer.swift in Sources */ = {isa = PBXBuildFile; fileRef = 2AE2C53424393DEF00CC8476 /* TapPointer.swift */; };
		2AE2C5382439DA8A00CC8476 /* Chart.swift in Sources */ = {isa = PBXBuildFile; fileRef = 2AE2C5372439DA8A00CC8476 /* Chart.swift */; };
		2AE2C53A2439DBF500CC8476 /* ChartGrid.swift in Sources */ = {isa = PBXBuildFile; fileRef = 2AE2C5392439DBF500CC8476 /* ChartGrid.swift */; };
		2AE2C53C243A120900CC8476 /* TestingNearestPointWithHeatedLineChart_Previews.swift in Sources */ = {isa = PBXBuildFile; fileRef = 2AE2C53B243A120900CC8476 /* TestingNearestPointWithHeatedLineChart_Previews.swift */; };
		2AE2C53E243A877D00CC8476 /* AllCountriesLineChart.swift in Sources */ = {isa = PBXBuildFile; fileRef = 2AE2C53D243A877D00CC8476 /* AllCountriesLineChart.swift */; };
		2AE2C540243B0BEB00CC8476 /* DataKindPicker.swift in Sources */ = {isa = PBXBuildFile; fileRef = 2AE2C53F243B0BEB00CC8476 /* DataKindPicker.swift */; };
		2AE2C542243B336D00CC8476 /* LogisticCurve.swift in Sources */ = {isa = PBXBuildFile; fileRef = 2AE2C541243B336D00CC8476 /* LogisticCurve.swift */; };
		2AE2C545243B347400CC8476 /* RealModule in Frameworks */ = {isa = PBXBuildFile; productRef = 2AE2C544243B347400CC8476 /* RealModule */; };
		2AE2C547243B347400CC8476 /* Numerics in Frameworks */ = {isa = PBXBuildFile; productRef = 2AE2C546243B347400CC8476 /* Numerics */; };
/* End PBXBuildFile section */

/* Begin PBXCopyFilesBuildPhase section */
		2A96536E24336208002A93A7 /* Embed App Extensions */ = {
			isa = PBXCopyFilesBuildPhase;
			buildActionMask = 2147483647;
			dstPath = "";
			dstSubfolderSpec = 13;
			files = (
			);
			name = "Embed App Extensions";
			runOnlyForDeploymentPostprocessing = 0;
		};
/* End PBXCopyFilesBuildPhase section */

/* Begin PBXFileReference section */
		2A03BED62428BC6F0094852B /* C19 Observer.app */ = {isa = PBXFileReference; explicitFileType = wrapper.application; includeInIndex = 0; path = "C19 Observer.app"; sourceTree = BUILT_PRODUCTS_DIR; };
		2A03BED92428BC6F0094852B /* AppDelegate.swift */ = {isa = PBXFileReference; lastKnownFileType = sourcecode.swift; path = AppDelegate.swift; sourceTree = "<group>"; };
		2A03BEDB2428BC6F0094852B /* SceneDelegate.swift */ = {isa = PBXFileReference; lastKnownFileType = sourcecode.swift; path = SceneDelegate.swift; sourceTree = "<group>"; };
		2A03BEDD2428BC6F0094852B /* ContentView.swift */ = {isa = PBXFileReference; lastKnownFileType = sourcecode.swift; path = ContentView.swift; sourceTree = "<group>"; };
		2A03BEDF2428BC700094852B /* Assets.xcassets */ = {isa = PBXFileReference; lastKnownFileType = folder.assetcatalog; path = Assets.xcassets; sourceTree = "<group>"; };
		2A03BEE22428BC700094852B /* Preview Assets.xcassets */ = {isa = PBXFileReference; lastKnownFileType = folder.assetcatalog; path = "Preview Assets.xcassets"; sourceTree = "<group>"; };
		2A03BEE52428BC700094852B /* Base */ = {isa = PBXFileReference; lastKnownFileType = file.storyboard; name = Base; path = Base.lproj/LaunchScreen.storyboard; sourceTree = "<group>"; };
		2A03BEE72428BC700094852B /* Info.plist */ = {isa = PBXFileReference; lastKnownFileType = text.plist.xml; path = Info.plist; sourceTree = "<group>"; };
		2A03BEF12428C04F0094852B /* CaseAnnotations.swift */ = {isa = PBXFileReference; fileEncoding = 4; lastKnownFileType = sourcecode.swift; path = CaseAnnotations.swift; sourceTree = "<group>"; };
		2A03BEF22428C04F0094852B /* Corona.swift */ = {isa = PBXFileReference; fileEncoding = 4; lastKnownFileType = sourcecode.swift; path = Corona.swift; sourceTree = "<group>"; };
		2A03BEF42428C04F0094852B /* CoronaStore.swift */ = {isa = PBXFileReference; fileEncoding = 4; lastKnownFileType = sourcecode.swift; path = CoronaStore.swift; sourceTree = "<group>"; };
		2A03BEF52428C04F0094852B /* CaseData.swift */ = {isa = PBXFileReference; fileEncoding = 4; lastKnownFileType = sourcecode.swift; path = CaseData.swift; sourceTree = "<group>"; };
		2A03BEF72428C04F0094852B /* CasesTableView.swift */ = {isa = PBXFileReference; fileEncoding = 4; lastKnownFileType = sourcecode.swift; path = CasesTableView.swift; sourceTree = "<group>"; };
		2A03BEF92428C04F0094852B /* PreferenceKeys.swift */ = {isa = PBXFileReference; fileEncoding = 4; lastKnownFileType = sourcecode.swift; path = PreferenceKeys.swift; sourceTree = "<group>"; };
		2A03BEFA2428C04F0094852B /* Extension+View.swift */ = {isa = PBXFileReference; fileEncoding = 4; lastKnownFileType = sourcecode.swift; path = "Extension+View.swift"; sourceTree = "<group>"; };
		2A03BEFD2428C04F0094852B /* CasesChartView.swift */ = {isa = PBXFileReference; fileEncoding = 4; lastKnownFileType = sourcecode.swift; path = CasesChartView.swift; sourceTree = "<group>"; };
		2A03BF002428C04F0094852B /* MapViewsOLD.swift */ = {isa = PBXFileReference; fileEncoding = 4; lastKnownFileType = sourcecode.swift; path = MapViewsOLD.swift; sourceTree = "<group>"; };
		2A03BF012428C04F0094852B /* CasesOnMapView.swift */ = {isa = PBXFileReference; fileEncoding = 4; lastKnownFileType = sourcecode.swift; path = CasesOnMapView.swift; sourceTree = "<group>"; };
		2A03BF112428C9890094852B /* TopTenBarChartVert.swift */ = {isa = PBXFileReference; fileEncoding = 4; lastKnownFileType = sourcecode.swift; path = TopTenBarChartVert.swift; sourceTree = "<group>"; };
		2A234EE32434EF830003C302 /* TimePeriod.swift */ = {isa = PBXFileReference; lastKnownFileType = sourcecode.swift; path = TimePeriod.swift; sourceTree = "<group>"; };
		2A24A40B243B68BE0097C3EB /* MultiCharts.swift */ = {isa = PBXFileReference; lastKnownFileType = sourcecode.swift; path = MultiCharts.swift; sourceTree = "<group>"; };
		2A24A40D243BA49A0097C3EB /* LineChart.swift */ = {isa = PBXFileReference; lastKnownFileType = sourcecode.swift; path = LineChart.swift; sourceTree = "<group>"; };
		2A24A40F243C6AA10097C3EB /* DotChart.swift */ = {isa = PBXFileReference; lastKnownFileType = sourcecode.swift; path = DotChart.swift; sourceTree = "<group>"; };
		2A24A411243C6BC10097C3EB /* CG+Extensions.swift */ = {isa = PBXFileReference; lastKnownFileType = sourcecode.swift; path = "CG+Extensions.swift"; sourceTree = "<group>"; };
		2A445F3024292E94007C6846 /* AxisY.swift */ = {isa = PBXFileReference; lastKnownFileType = sourcecode.swift; path = AxisY.swift; sourceTree = "<group>"; };
		2A445F3224292F1A007C6846 /* GraphGridShape.swift */ = {isa = PBXFileReference; lastKnownFileType = sourcecode.swift; path = GraphGridShape.swift; sourceTree = "<group>"; };
		2A4E35EA2432294900F84C72 /* NotificationSettingsSection.swift */ = {isa = PBXFileReference; lastKnownFileType = sourcecode.swift; path = NotificationSettingsSection.swift; sourceTree = "<group>"; };
		2A56BB4F24307D580082FF21 /* README.md */ = {isa = PBXFileReference; lastKnownFileType = net.daringfireball.markdown; path = README.md; sourceTree = "<group>"; };
		2A6607FC242BF2730056C849 /* MapKit+Extensions.swift */ = {isa = PBXFileReference; lastKnownFileType = sourcecode.swift; path = "MapKit+Extensions.swift"; sourceTree = "<group>"; };
		2A6607FE242BF7060056C849 /* MapView.swift */ = {isa = PBXFileReference; lastKnownFileType = sourcecode.swift; path = MapView.swift; sourceTree = "<group>"; };
		2A660800242CC7720056C849 /* CaseAnnotationView.swift */ = {isa = PBXFileReference; lastKnownFileType = sourcecode.swift; path = CaseAnnotationView.swift; sourceTree = "<group>"; };
		2A74F0AF2428CB8400137694 /* DoublingModel.swift */ = {isa = PBXFileReference; fileEncoding = 4; lastKnownFileType = sourcecode.swift; path = DoublingModel.swift; sourceTree = "<group>"; };
		2A74F0B02428CB8400137694 /* History.swift */ = {isa = PBXFileReference; fileEncoding = 4; lastKnownFileType = sourcecode.swift; path = History.swift; sourceTree = "<group>"; };
		2A74F0B12428CB8400137694 /* Settings.swift */ = {isa = PBXFileReference; fileEncoding = 4; lastKnownFileType = sourcecode.swift; path = Settings.swift; sourceTree = "<group>"; };
		2A74F0B62428CBB300137694 /* HeatedLineChart.swift */ = {isa = PBXFileReference; fileEncoding = 4; lastKnownFileType = sourcecode.swift; path = HeatedLineChart.swift; sourceTree = "<group>"; };
		2A74F0B72428CBB300137694 /* LineGraphGrid.swift */ = {isa = PBXFileReference; fileEncoding = 4; lastKnownFileType = sourcecode.swift; path = LineGraphGrid.swift; sourceTree = "<group>"; };
		2A74F0B82428CBB300137694 /* LineGraphShape.swift */ = {isa = PBXFileReference; fileEncoding = 4; lastKnownFileType = sourcecode.swift; path = LineGraphShape.swift; sourceTree = "<group>"; };
		2A74F0BD2428CE3E00137694 /* DoublingTimeView.swift */ = {isa = PBXFileReference; fileEncoding = 4; lastKnownFileType = sourcecode.swift; path = DoublingTimeView.swift; sourceTree = "<group>"; };
		2A74F0BE2428CE3E00137694 /* WikiQuoteView.swift */ = {isa = PBXFileReference; fileEncoding = 4; lastKnownFileType = sourcecode.swift; path = WikiQuoteView.swift; sourceTree = "<group>"; };
		2A74F0C22428CE7B00137694 /* Table.swift */ = {isa = PBXFileReference; fileEncoding = 4; lastKnownFileType = sourcecode.swift; path = Table.swift; sourceTree = "<group>"; };
		2A74F0C32428CE7B00137694 /* Extensions.swift */ = {isa = PBXFileReference; fileEncoding = 4; lastKnownFileType = sourcecode.swift; path = Extensions.swift; sourceTree = "<group>"; };
		2A74F0C42428CE7B00137694 /* CountryPicker.swift */ = {isa = PBXFileReference; fileEncoding = 4; lastKnownFileType = sourcecode.swift; path = CountryPicker.swift; sourceTree = "<group>"; };
		2A74F0CB2428FB3A00137694 /* CasesLineChartView.swift */ = {isa = PBXFileReference; fileEncoding = 4; lastKnownFileType = sourcecode.swift; path = CasesLineChartView.swift; sourceTree = "<group>"; };
		2A96534F24333FD0002A93A7 /* Extension+Notification.Name.swift */ = {isa = PBXFileReference; lastKnownFileType = sourcecode.swift; path = "Extension+Notification.Name.swift"; sourceTree = "<group>"; };
		2A96535324335810002A93A7 /* NotificationsSettingsView.swift */ = {isa = PBXFileReference; lastKnownFileType = sourcecode.swift; path = NotificationsSettingsView.swift; sourceTree = "<group>"; };
		2A965355243360A4002A93A7 /* NotificationDelegate.swift */ = {isa = PBXFileReference; lastKnownFileType = sourcecode.swift; path = NotificationDelegate.swift; sourceTree = "<group>"; };
		2A96535D24336208002A93A7 /* UserNotifications.framework */ = {isa = PBXFileReference; lastKnownFileType = wrapper.framework; name = UserNotifications.framework; path = System/Library/Frameworks/UserNotifications.framework; sourceTree = SDKROOT; };
		2A96535F24336208002A93A7 /* UserNotificationsUI.framework */ = {isa = PBXFileReference; lastKnownFileType = wrapper.framework; name = UserNotificationsUI.framework; path = System/Library/Frameworks/UserNotificationsUI.framework; sourceTree = SDKROOT; };
		2A9974D2244125BB004FF043 /* WhatsNew.swift */ = {isa = PBXFileReference; lastKnownFileType = sourcecode.swift; path = WhatsNew.swift; sourceTree = "<group>"; };
		2A9974D5244126CF004FF043 /* MapColorCodeView.swift */ = {isa = PBXFileReference; lastKnownFileType = sourcecode.swift; path = MapColorCodeView.swift; sourceTree = "<group>"; };
		2A9974D724419E54004FF043 /* Deviation.swift */ = {isa = PBXFileReference; lastKnownFileType = sourcecode.swift; path = Deviation.swift; sourceTree = "<group>"; };
		2A9974D924419EAB004FF043 /* CaseRow.swift */ = {isa = PBXFileReference; lastKnownFileType = sourcecode.swift; path = CaseRow.swift; sourceTree = "<group>"; };
		2A9974DB2441ABBE004FF043 /* CountryList.swift */ = {isa = PBXFileReference; lastKnownFileType = sourcecode.swift; path = CountryList.swift; sourceTree = "<group>"; };
		2A9974DF24426F5A004FF043 /* Population.swift */ = {isa = PBXFileReference; lastKnownFileType = sourcecode.swift; path = Population.swift; sourceTree = "<group>"; };
		2A9974E3244270A3004FF043 /* population.json */ = {isa = PBXFileReference; fileEncoding = 4; lastKnownFileType = text.json; path = population.json; sourceTree = "<group>"; };
		2A9974E7244270FC004FF043 /* Bundle+Extension.swift */ = {isa = PBXFileReference; lastKnownFileType = sourcecode.swift; path = "Bundle+Extension.swift"; sourceTree = "<group>"; };
		2A9974E92442720B004FF043 /* PopulationView.swift */ = {isa = PBXFileReference; lastKnownFileType = sourcecode.swift; path = PopulationView.swift; sourceTree = "<group>"; };
		2A9BE4A824314C8000CA23A4 /* C19 Observer.entitlements */ = {isa = PBXFileReference; lastKnownFileType = text.plist.entitlements; path = "C19 Observer.entitlements"; sourceTree = "<group>"; };
		2AAAC6EE242A384000C03E5B /* SettingsView.swift */ = {isa = PBXFileReference; lastKnownFileType = sourcecode.swift; path = SettingsView.swift; sourceTree = "<group>"; };
		2AB947362430FCA4009C18ED /* MapWithLineChartView.swift */ = {isa = PBXFileReference; lastKnownFileType = sourcecode.swift; path = MapWithLineChartView.swift; sourceTree = "<group>"; };
		2AB94738243126A1009C18ED /* CasesChartsIPad.swift */ = {isa = PBXFileReference; lastKnownFileType = sourcecode.swift; path = CasesChartsIPad.swift; sourceTree = "<group>"; };
		2AB9473A24312A8A009C18ED /* CaseBar.swift */ = {isa = PBXFileReference; lastKnownFileType = sourcecode.swift; path = CaseBar.swift; sourceTree = "<group>"; };
		2AB9473C24312B9C009C18ED /* CaseChart.swift */ = {isa = PBXFileReference; lastKnownFileType = sourcecode.swift; path = CaseChart.swift; sourceTree = "<group>"; };
		2AC7EB8E243DCEC900454FFA /* Gradient+Extension.swift */ = {isa = PBXFileReference; lastKnownFileType = sourcecode.swift; path = "Gradient+Extension.swift"; sourceTree = "<group>"; };
		2AC7EB90243DD5FE00454FFA /* GridShape.swift */ = {isa = PBXFileReference; lastKnownFileType = sourcecode.swift; path = GridShape.swift; sourceTree = "<group>"; };
		2AC7EB92243E634E00454FFA /* Axis.swift */ = {isa = PBXFileReference; lastKnownFileType = sourcecode.swift; path = Axis.swift; sourceTree = "<group>"; };
		2AC7EB94243E63E100454FFA /* Array+Ext.swift */ = {isa = PBXFileReference; lastKnownFileType = sourcecode.swift; path = "Array+Ext.swift"; sourceTree = "<group>"; };
		2ACF1C6D2430A7830045C531 /* CaseDataTypePicker.swift */ = {isa = PBXFileReference; lastKnownFileType = sourcecode.swift; path = CaseDataTypePicker.swift; sourceTree = "<group>"; };
		2ACF1C712430B4EC0045C531 /* CountryCasesHeader.swift */ = {isa = PBXFileReference; lastKnownFileType = sourcecode.swift; path = CountryCasesHeader.swift; sourceTree = "<group>"; };
		2AD13AAB243FB1EB00B61CCE /* HistoryTableIPad.swift */ = {isa = PBXFileReference; lastKnownFileType = sourcecode.swift; path = HistoryTableIPad.swift; sourceTree = "<group>"; };
		2AD693BA2443493300F550A0 /* PrimeCountryPicker.swift */ = {isa = PBXFileReference; lastKnownFileType = sourcecode.swift; path = PrimeCountryPicker.swift; sourceTree = "<group>"; };
		2AE2C4BC2435E26500CC8476 /* SwipeableCasesCharts.swift */ = {isa = PBXFileReference; lastKnownFileType = sourcecode.swift; path = SwipeableCasesCharts.swift; sourceTree = "<group>"; };
		2AE2C50A243721A900CC8476 /* NotificationsSettings.swift */ = {isa = PBXFileReference; lastKnownFileType = sourcecode.swift; path = NotificationsSettings.swift; sourceTree = "<group>"; };
		2AE2C50C243723B800CC8476 /* Date+Extensions.swift */ = {isa = PBXFileReference; lastKnownFileType = sourcecode.swift; path = "Date+Extensions.swift"; sourceTree = "<group>"; };
		2AE2C50E2437376500CC8476 /* PrimeCountries.swift */ = {isa = PBXFileReference; lastKnownFileType = sourcecode.swift; path = PrimeCountries.swift; sourceTree = "<group>"; };
		2AE2C5122437417E00CC8476 /* Array+Extension.swift */ = {isa = PBXFileReference; lastKnownFileType = sourcecode.swift; path = "Array+Extension.swift"; sourceTree = "<group>"; };
		2AE2C5142437446700CC8476 /* LineChartSettingsSection.swift */ = {isa = PBXFileReference; lastKnownFileType = sourcecode.swift; path = LineChartSettingsSection.swift; sourceTree = "<group>"; };
		2AE2C5282438762500CC8476 /* LeftVerticalLine.swift */ = {isa = PBXFileReference; lastKnownFileType = sourcecode.swift; path = LeftVerticalLine.swift; sourceTree = "<group>"; };
		2AE2C52C24389DC100CC8476 /* MovingCrossHair.swift */ = {isa = PBXFileReference; lastKnownFileType = sourcecode.swift; path = MovingCrossHair.swift; sourceTree = "<group>"; };
		2AE2C52E24389EFF00CC8476 /* New+Extensions.swift */ = {isa = PBXFileReference; lastKnownFileType = sourcecode.swift; path = "New+Extensions.swift"; sourceTree = "<group>"; };
		2AE2C5302438A13700CC8476 /* TopHorizontalLine.swift */ = {isa = PBXFileReference; lastKnownFileType = sourcecode.swift; path = TopHorizontalLine.swift; sourceTree = "<group>"; };
		2AE2C5322438D2C200CC8476 /* GridView.swift */ = {isa = PBXFileReference; lastKnownFileType = sourcecode.swift; path = GridView.swift; sourceTree = "<group>"; };
		2AE2C53424393DEF00CC8476 /* TapPointer.swift */ = {isa = PBXFileReference; lastKnownFileType = sourcecode.swift; path = TapPointer.swift; sourceTree = "<group>"; };
		2AE2C5372439DA8A00CC8476 /* Chart.swift */ = {isa = PBXFileReference; lastKnownFileType = sourcecode.swift; path = Chart.swift; sourceTree = "<group>"; };
		2AE2C5392439DBF500CC8476 /* ChartGrid.swift */ = {isa = PBXFileReference; lastKnownFileType = sourcecode.swift; path = ChartGrid.swift; sourceTree = "<group>"; };
		2AE2C53B243A120900CC8476 /* TestingNearestPointWithHeatedLineChart_Previews.swift */ = {isa = PBXFileReference; lastKnownFileType = sourcecode.swift; path = TestingNearestPointWithHeatedLineChart_Previews.swift; sourceTree = "<group>"; };
		2AE2C53D243A877D00CC8476 /* AllCountriesLineChart.swift */ = {isa = PBXFileReference; lastKnownFileType = sourcecode.swift; path = AllCountriesLineChart.swift; sourceTree = "<group>"; };
		2AE2C53F243B0BEB00CC8476 /* DataKindPicker.swift */ = {isa = PBXFileReference; lastKnownFileType = sourcecode.swift; path = DataKindPicker.swift; sourceTree = "<group>"; };
		2AE2C541243B336D00CC8476 /* LogisticCurve.swift */ = {isa = PBXFileReference; lastKnownFileType = sourcecode.swift; path = LogisticCurve.swift; sourceTree = "<group>"; };
/* End PBXFileReference section */

/* Begin PBXFrameworksBuildPhase section */
		2A03BED32428BC6F0094852B /* Frameworks */ = {
			isa = PBXFrameworksBuildPhase;
			buildActionMask = 2147483647;
			files = (
				2AE2C545243B347400CC8476 /* RealModule in Frameworks */,
				2AE2C547243B347400CC8476 /* Numerics in Frameworks */,
				2A03BEEF2428BD3F0094852B /* SwiftPI in Frameworks */,
			);
			runOnlyForDeploymentPostprocessing = 0;
		};
/* End PBXFrameworksBuildPhase section */

/* Begin PBXGroup section */
		2A03BECD2428BC6F0094852B = {
			isa = PBXGroup;
			children = (
				2A56BB4F24307D580082FF21 /* README.md */,
				2A03BED82428BC6F0094852B /* Covid19Observer */,
				2A96535C24336208002A93A7 /* Frameworks */,
				2A03BED72428BC6F0094852B /* Products */,
			);
			sourceTree = "<group>";
		};
		2A03BED72428BC6F0094852B /* Products */ = {
			isa = PBXGroup;
			children = (
				2A03BED62428BC6F0094852B /* C19 Observer.app */,
			);
			name = Products;
			sourceTree = "<group>";
		};
		2A03BED82428BC6F0094852B /* Covid19Observer */ = {
			isa = PBXGroup;
			children = (
				2A9BE4A824314C8000CA23A4 /* C19 Observer.entitlements */,
				2A03BED92428BC6F0094852B /* AppDelegate.swift */,
				2A03BEDB2428BC6F0094852B /* SceneDelegate.swift */,
				2A445F34242931A1007C6846 /* WORK IN PROGRESS */,
				2A03BEDD2428BC6F0094852B /* ContentView.swift */,
				2A9974D4244125D0004FF043 /* What's New */,
				2AB9474024313EC7009C18ED /* Case Headers */,
				2ACF1C6D2430A7830045C531 /* CaseDataTypePicker.swift */,
				2AFF26E9242B50E300DAC856 /* Cases Charts */,
				2A03BEFF2428C04F0094852B /* Map Views */,
				2A03BEF62428C04F0094852B /* Table */,
				2A03BEFB2428C04F0094852B /* Line Charts */,
				2A74F0BC2428CE3E00137694 /* Doubling Time */,
				2A660802242D352D0056C849 /* Settings */,
				2A96534924333B96002A93A7 /* Notifications */,
				2A03BEF82428C04F0094852B /* Extras */,
				2A03BEF02428C04F0094852B /* Model */,
				2A03BEDF2428BC700094852B /* Assets.xcassets */,
				2A9974E3244270A3004FF043 /* population.json */,
				2A03BEE42428BC700094852B /* LaunchScreen.storyboard */,
				2A03BEE72428BC700094852B /* Info.plist */,
				2A03BEE12428BC700094852B /* Preview Content */,
			);
			path = Covid19Observer;
			sourceTree = "<group>";
		};
		2A03BEE12428BC700094852B /* Preview Content */ = {
			isa = PBXGroup;
			children = (
				2A03BEE22428BC700094852B /* Preview Assets.xcassets */,
			);
			path = "Preview Content";
			sourceTree = "<group>";
		};
		2A03BEF02428C04F0094852B /* Model */ = {
			isa = PBXGroup;
			children = (
				2A74F0B12428CB8400137694 /* Settings.swift */,
				2AE2C50A243721A900CC8476 /* NotificationsSettings.swift */,
				2A234EE32434EF830003C302 /* TimePeriod.swift */,
				2AE2C50E2437376500CC8476 /* PrimeCountries.swift */,
				2A03BEF42428C04F0094852B /* CoronaStore.swift */,
				2A03BEF22428C04F0094852B /* Corona.swift */,
				2A03BEF52428C04F0094852B /* CaseData.swift */,
				2A03BEF12428C04F0094852B /* CaseAnnotations.swift */,
				2A74F0B02428CB8400137694 /* History.swift */,
				2A9974D924419EAB004FF043 /* CaseRow.swift */,
				2A9974D724419E54004FF043 /* Deviation.swift */,
				2A74F0AF2428CB8400137694 /* DoublingModel.swift */,
				2AC7EB92243E634E00454FFA /* Axis.swift */,
				2A9974DF24426F5A004FF043 /* Population.swift */,
			);
			path = Model;
			sourceTree = "<group>";
		};
		2A03BEF62428C04F0094852B /* Table */ = {
			isa = PBXGroup;
			children = (
				2A03BEF72428C04F0094852B /* CasesTableView.swift */,
			);
			path = Table;
			sourceTree = "<group>";
		};
		2A03BEF82428C04F0094852B /* Extras */ = {
			isa = PBXGroup;
			children = (
				2A74F0C22428CE7B00137694 /* Table.swift */,
				2A74F0C42428CE7B00137694 /* CountryPicker.swift */,
				2A74F0C32428CE7B00137694 /* Extensions.swift */,
				2A03BEF92428C04F0094852B /* PreferenceKeys.swift */,
				2A03BEFA2428C04F0094852B /* Extension+View.swift */,
				2AE2C50C243723B800CC8476 /* Date+Extensions.swift */,
				2AE2C5122437417E00CC8476 /* Array+Extension.swift */,
				2A9974E7244270FC004FF043 /* Bundle+Extension.swift */,
			);
			path = Extras;
			sourceTree = "<group>";
		};
		2A03BEFB2428C04F0094852B /* Line Charts */ = {
			isa = PBXGroup;
			children = (
				2A74F0CB2428FB3A00137694 /* CasesLineChartView.swift */,
				2AD693BA2443493300F550A0 /* PrimeCountryPicker.swift */,
				2AE2C53D243A877D00CC8476 /* AllCountriesLineChart.swift */,
				2AE2C53F243B0BEB00CC8476 /* DataKindPicker.swift */,
				2ACF1C712430B4EC0045C531 /* CountryCasesHeader.swift */,
				2A74F0B62428CBB300137694 /* HeatedLineChart.swift */,
				2A74F0B82428CBB300137694 /* LineGraphShape.swift */,
				2A74F0B72428CBB300137694 /* LineGraphGrid.swift */,
				2A445F3224292F1A007C6846 /* GraphGridShape.swift */,
				2A445F3024292E94007C6846 /* AxisY.swift */,
			);
			path = "Line Charts";
			sourceTree = "<group>";
		};
		2A03BEFF2428C04F0094852B /* Map Views */ = {
			isa = PBXGroup;
			children = (
				2AB947362430FCA4009C18ED /* MapWithLineChartView.swift */,
				2A03BF012428C04F0094852B /* CasesOnMapView.swift */,
				2A6607FE242BF7060056C849 /* MapView.swift */,
				2A660800242CC7720056C849 /* CaseAnnotationView.swift */,
				2A03BF002428C04F0094852B /* MapViewsOLD.swift */,
				2A6607FC242BF2730056C849 /* MapKit+Extensions.swift */,
			);
			path = "Map Views";
			sourceTree = "<group>";
		};
		2A445F34242931A1007C6846 /* WORK IN PROGRESS */ = {
			isa = PBXGroup;
			children = (
				2A03BF112428C9890094852B /* TopTenBarChartVert.swift */,
				2AE2C4BC2435E26500CC8476 /* SwipeableCasesCharts.swift */,
				2A24A411243C6BC10097C3EB /* CG+Extensions.swift */,
				2AC7EB94243E63E100454FFA /* Array+Ext.swift */,
				2AC7EB8E243DCEC900454FFA /* Gradient+Extension.swift */,
				2AE2C548243B528000CC8476 /* Logistic */,
				2AE2C5362439DA7700CC8476 /* Charting */,
				2AE2C52E24389EFF00CC8476 /* New+Extensions.swift */,
				2AD13AAB243FB1EB00B61CCE /* HistoryTableIPad.swift */,
			);
			path = "WORK IN PROGRESS";
			sourceTree = "<group>";
		};
		2A660802242D352D0056C849 /* Settings */ = {
			isa = PBXGroup;
			children = (
				2AAAC6EE242A384000C03E5B /* SettingsView.swift */,
				2AE2C5142437446700CC8476 /* LineChartSettingsSection.swift */,
				2A96535324335810002A93A7 /* NotificationsSettingsView.swift */,
				2A9974D5244126CF004FF043 /* MapColorCodeView.swift */,
				2A9974E92442720B004FF043 /* PopulationView.swift */,
			);
			path = Settings;
			sourceTree = "<group>";
		};
		2A74F0BC2428CE3E00137694 /* Doubling Time */ = {
			isa = PBXGroup;
			children = (
				2A74F0BD2428CE3E00137694 /* DoublingTimeView.swift */,
				2A74F0BE2428CE3E00137694 /* WikiQuoteView.swift */,
			);
			path = "Doubling Time";
			sourceTree = "<group>";
		};
		2A96534924333B96002A93A7 /* Notifications */ = {
			isa = PBXGroup;
			children = (
				2A4E35EA2432294900F84C72 /* NotificationSettingsSection.swift */,
				2A96534F24333FD0002A93A7 /* Extension+Notification.Name.swift */,
				2A965355243360A4002A93A7 /* NotificationDelegate.swift */,
			);
			path = Notifications;
			sourceTree = "<group>";
		};
		2A96535C24336208002A93A7 /* Frameworks */ = {
			isa = PBXGroup;
			children = (
				2A96535D24336208002A93A7 /* UserNotifications.framework */,
				2A96535F24336208002A93A7 /* UserNotificationsUI.framework */,
			);
			name = Frameworks;
			sourceTree = "<group>";
		};
		2A9974D4244125D0004FF043 /* What's New */ = {
			isa = PBXGroup;
			children = (
				2A9974D2244125BB004FF043 /* WhatsNew.swift */,
				2A9974DB2441ABBE004FF043 /* CountryList.swift */,
			);
			path = "What's New";
			sourceTree = "<group>";
		};
		2AB9474024313EC7009C18ED /* Case Headers */ = {
			isa = PBXGroup;
			children = (
			);
			path = "Case Headers";
			sourceTree = "<group>";
		};
		2AE2C5362439DA7700CC8476 /* Charting */ = {
			isa = PBXGroup;
			children = (
				2A24A40D243BA49A0097C3EB /* LineChart.swift */,
				2A24A40F243C6AA10097C3EB /* DotChart.swift */,
				2AC7EB90243DD5FE00454FFA /* GridShape.swift */,
				2AE2C5322438D2C200CC8476 /* GridView.swift */,
				2AE2C52C24389DC100CC8476 /* MovingCrossHair.swift */,
				2AE2C53424393DEF00CC8476 /* TapPointer.swift */,
				2AE2C53B243A120900CC8476 /* TestingNearestPointWithHeatedLineChart_Previews.swift */,
				2AE2C5372439DA8A00CC8476 /* Chart.swift */,
				2AE2C5392439DBF500CC8476 /* ChartGrid.swift */,
			);
			path = Charting;
			sourceTree = "<group>";
		};
		2AE2C548243B528000CC8476 /* Logistic */ = {
			isa = PBXGroup;
			children = (
				2AE2C541243B336D00CC8476 /* LogisticCurve.swift */,
				2A24A40B243B68BE0097C3EB /* MultiCharts.swift */,
			);
			path = Logistic;
			sourceTree = "<group>";
		};
		2AFF26E9242B50E300DAC856 /* Cases Charts */ = {
			isa = PBXGroup;
			children = (
				2AB94738243126A1009C18ED /* CasesChartsIPad.swift */,
				2A03BEFD2428C04F0094852B /* CasesChartView.swift */,
				2AE2C5282438762500CC8476 /* LeftVerticalLine.swift */,
				2AE2C5302438A13700CC8476 /* TopHorizontalLine.swift */,
				2AB9473C24312B9C009C18ED /* CaseChart.swift */,
				2AB9473A24312A8A009C18ED /* CaseBar.swift */,
			);
			path = "Cases Charts";
			sourceTree = "<group>";
		};
/* End PBXGroup section */

/* Begin PBXNativeTarget section */
		2A03BED52428BC6F0094852B /* Covid19Observer */ = {
			isa = PBXNativeTarget;
			buildConfigurationList = 2A03BEEA2428BC700094852B /* Build configuration list for PBXNativeTarget "Covid19Observer" */;
			buildPhases = (
				2A03BED22428BC6F0094852B /* Sources */,
				2A03BED32428BC6F0094852B /* Frameworks */,
				2A03BED42428BC6F0094852B /* Resources */,
				2A96536E24336208002A93A7 /* Embed App Extensions */,
			);
			buildRules = (
			);
			dependencies = (
			);
			name = Covid19Observer;
			packageProductDependencies = (
				2A03BEEE2428BD3F0094852B /* SwiftPI */,
				2AE2C544243B347400CC8476 /* RealModule */,
				2AE2C546243B347400CC8476 /* Numerics */,
			);
			productName = Covid19Observer;
			productReference = 2A03BED62428BC6F0094852B /* C19 Observer.app */;
			productType = "com.apple.product-type.application";
		};
/* End PBXNativeTarget section */

/* Begin PBXProject section */
		2A03BECE2428BC6F0094852B /* Project object */ = {
			isa = PBXProject;
			attributes = {
				LastSwiftUpdateCheck = 1140;
				LastUpgradeCheck = 1140;
				ORGANIZATIONNAME = "Igor Malyarov";
				TargetAttributes = {
					2A03BED52428BC6F0094852B = {
						CreatedOnToolsVersion = 11.4;
					};
				};
			};
			buildConfigurationList = 2A03BED12428BC6F0094852B /* Build configuration list for PBXProject "Covid19Observer" */;
			compatibilityVersion = "Xcode 9.3";
			developmentRegion = en;
			hasScannedForEncodings = 0;
			knownRegions = (
				en,
				Base,
			);
			mainGroup = 2A03BECD2428BC6F0094852B;
			packageReferences = (
				2A03BEED2428BD3E0094852B /* XCRemoteSwiftPackageReference "SwiftPI" */,
				2AE2C543243B347400CC8476 /* XCRemoteSwiftPackageReference "swift-numerics" */,
			);
			productRefGroup = 2A03BED72428BC6F0094852B /* Products */;
			projectDirPath = "";
			projectRoot = "";
			targets = (
				2A03BED52428BC6F0094852B /* Covid19Observer */,
			);
		};
/* End PBXProject section */

/* Begin PBXResourcesBuildPhase section */
		2A03BED42428BC6F0094852B /* Resources */ = {
			isa = PBXResourcesBuildPhase;
			buildActionMask = 2147483647;
			files = (
				2A03BEE62428BC700094852B /* LaunchScreen.storyboard in Resources */,
				2A9974E4244270A3004FF043 /* population.json in Resources */,
				2A03BEE32428BC700094852B /* Preview Assets.xcassets in Resources */,
				2A03BEE02428BC700094852B /* Assets.xcassets in Resources */,
			);
			runOnlyForDeploymentPostprocessing = 0;
		};
/* End PBXResourcesBuildPhase section */

/* Begin PBXSourcesBuildPhase section */
		2A03BED22428BC6F0094852B /* Sources */ = {
			isa = PBXSourcesBuildPhase;
			buildActionMask = 2147483647;
			files = (
				2A03BF0B2428C04F0094852B /* CasesChartView.swift in Sources */,
				2AE2C52F24389EFF00CC8476 /* New+Extensions.swift in Sources */,
				2A9974D824419E54004FF043 /* Deviation.swift in Sources */,
				2A03BF052428C04F0094852B /* CoronaStore.swift in Sources */,
				2A03BF0D2428C04F0094852B /* MapViewsOLD.swift in Sources */,
				2A9974D6244126CF004FF043 /* MapColorCodeView.swift in Sources */,
				2AE2C5382439DA8A00CC8476 /* Chart.swift in Sources */,
				2AE2C50B243721A900CC8476 /* NotificationsSettings.swift in Sources */,
				2AE2C53C243A120900CC8476 /* TestingNearestPointWithHeatedLineChart_Previews.swift in Sources */,
				2AE2C5152437446700CC8476 /* LineChartSettingsSection.swift in Sources */,
				2A96535424335810002A93A7 /* NotificationsSettingsView.swift in Sources */,
				2A03BEDA2428BC6F0094852B /* AppDelegate.swift in Sources */,
				2AC7EB91243DD5FE00454FFA /* GridShape.swift in Sources */,
				2A74F0C02428CE3E00137694 /* WikiQuoteView.swift in Sources */,
				2A445F3324292F1A007C6846 /* GraphGridShape.swift in Sources */,
				2AE2C5332438D2C200CC8476 /* GridView.swift in Sources */,
				2A965356243360A4002A93A7 /* NotificationDelegate.swift in Sources */,
				2AE2C53524393DEF00CC8476 /* TapPointer.swift in Sources */,
				2AC7EB93243E634E00454FFA /* Axis.swift in Sources */,
				2AE2C5132437417E00CC8476 /* Array+Extension.swift in Sources */,
				2AC7EB8F243DCEC900454FFA /* Gradient+Extension.swift in Sources */,
				2AD693BB2443493300F550A0 /* PrimeCountryPicker.swift in Sources */,
				2A234EE42434EF830003C302 /* TimePeriod.swift in Sources */,
				2AB9473D24312B9C009C18ED /* CaseChart.swift in Sources */,
				2A03BF0E2428C04F0094852B /* CasesOnMapView.swift in Sources */,
				2A74F0BB2428CBB400137694 /* LineGraphShape.swift in Sources */,
				2A03BF082428C04F0094852B /* PreferenceKeys.swift in Sources */,
				2AD13AAC243FB1EB00B61CCE /* HistoryTableIPad.swift in Sources */,
				2AE2C542243B336D00CC8476 /* LogisticCurve.swift in Sources */,
				2A74F0B42428CB8400137694 /* History.swift in Sources */,
				2A03BF092428C04F0094852B /* Extension+View.swift in Sources */,
				2A03BF122428C9890094852B /* TopTenBarChartVert.swift in Sources */,
				2A74F0CC2428FB3A00137694 /* CasesLineChartView.swift in Sources */,
				2A9974DC2441ABBE004FF043 /* CountryList.swift in Sources */,
				2A74F0B92428CBB400137694 /* HeatedLineChart.swift in Sources */,
				2AC7EB95243E63E100454FFA /* Array+Ext.swift in Sources */,
				2A24A40C243B68BE0097C3EB /* MultiCharts.swift in Sources */,
				2A9974EA2442720B004FF043 /* PopulationView.swift in Sources */,
				2A03BF032428C04F0094852B /* Corona.swift in Sources */,
				2AE2C5312438A13700CC8476 /* TopHorizontalLine.swift in Sources */,
				2AE2C4BD2435E26500CC8476 /* SwipeableCasesCharts.swift in Sources */,
				2A74F0B32428CB8400137694 /* DoublingModel.swift in Sources */,
				2A9974DA24419EAB004FF043 /* CaseRow.swift in Sources */,
				2A03BEDC2428BC6F0094852B /* SceneDelegate.swift in Sources */,
				2A6607FD242BF2730056C849 /* MapKit+Extensions.swift in Sources */,
				2AB9473B24312A8A009C18ED /* CaseBar.swift in Sources */,
				2AE2C53A2439DBF500CC8476 /* ChartGrid.swift in Sources */,
				2A03BF022428C04F0094852B /* CaseAnnotations.swift in Sources */,
				2ACF1C6E2430A7830045C531 /* CaseDataTypePicker.swift in Sources */,
				2A24A412243C6BC10097C3EB /* CG+Extensions.swift in Sources */,
				2A660801242CC7720056C849 /* CaseAnnotationView.swift in Sources */,
				2ACF1C722430B4EC0045C531 /* CountryCasesHeader.swift in Sources */,
				2A4E35EB2432294900F84C72 /* NotificationSettingsSection.swift in Sources */,
				2A24A410243C6AA10097C3EB /* DotChart.swift in Sources */,
				2A74F0B52428CB8400137694 /* Settings.swift in Sources */,
				2A9974E024426F5A004FF043 /* Population.swift in Sources */,
				2A74F0C62428CE7B00137694 /* Table.swift in Sources */,
				2A24A40E243BA49A0097C3EB /* LineChart.swift in Sources */,
				2AB94739243126A1009C18ED /* CasesChartsIPad.swift in Sources */,
				2A74F0C82428CE7B00137694 /* CountryPicker.swift in Sources */,
				2AE2C53E243A877D00CC8476 /* AllCountriesLineChart.swift in Sources */,
				2AB947372430FCA4009C18ED /* MapWithLineChartView.swift in Sources */,
				2A74F0BA2428CBB400137694 /* LineGraphGrid.swift in Sources */,
				2AE2C5292438762500CC8476 /* LeftVerticalLine.swift in Sources */,
				2A6607FF242BF7060056C849 /* MapView.swift in Sources */,
				2A445F3124292E94007C6846 /* AxisY.swift in Sources */,
				2A96535024333FD0002A93A7 /* Extension+Notification.Name.swift in Sources */,
				2A03BEDE2428BC6F0094852B /* ContentView.swift in Sources */,
				2AE2C50D243723B800CC8476 /* Date+Extensions.swift in Sources */,
				2A03BF072428C04F0094852B /* CasesTableView.swift in Sources */,
				2A03BF062428C04F0094852B /* CaseData.swift in Sources */,
				2AE2C540243B0BEB00CC8476 /* DataKindPicker.swift in Sources */,
				2A9974E8244270FC004FF043 /* Bundle+Extension.swift in Sources */,
				2A74F0BF2428CE3E00137694 /* DoublingTimeView.swift in Sources */,
				2AAAC6EF242A384000C03E5B /* SettingsView.swift in Sources */,
				2AE2C50F2437376500CC8476 /* PrimeCountries.swift in Sources */,
				2A9974D3244125BB004FF043 /* WhatsNew.swift in Sources */,
				2AE2C52D24389DC100CC8476 /* MovingCrossHair.swift in Sources */,
				2A74F0C72428CE7B00137694 /* Extensions.swift in Sources */,
			);
			runOnlyForDeploymentPostprocessing = 0;
		};
/* End PBXSourcesBuildPhase section */

/* Begin PBXVariantGroup section */
		2A03BEE42428BC700094852B /* LaunchScreen.storyboard */ = {
			isa = PBXVariantGroup;
			children = (
				2A03BEE52428BC700094852B /* Base */,
			);
			name = LaunchScreen.storyboard;
			sourceTree = "<group>";
		};
/* End PBXVariantGroup section */

/* Begin XCBuildConfiguration section */
		2A03BEE82428BC700094852B /* Debug */ = {
			isa = XCBuildConfiguration;
			buildSettings = {
				ALWAYS_SEARCH_USER_PATHS = NO;
				CLANG_ANALYZER_NONNULL = YES;
				CLANG_ANALYZER_NUMBER_OBJECT_CONVERSION = YES_AGGRESSIVE;
				CLANG_CXX_LANGUAGE_STANDARD = "gnu++14";
				CLANG_CXX_LIBRARY = "libc++";
				CLANG_ENABLE_MODULES = YES;
				CLANG_ENABLE_OBJC_ARC = YES;
				CLANG_ENABLE_OBJC_WEAK = YES;
				CLANG_WARN_BLOCK_CAPTURE_AUTORELEASING = YES;
				CLANG_WARN_BOOL_CONVERSION = YES;
				CLANG_WARN_COMMA = YES;
				CLANG_WARN_CONSTANT_CONVERSION = YES;
				CLANG_WARN_DEPRECATED_OBJC_IMPLEMENTATIONS = YES;
				CLANG_WARN_DIRECT_OBJC_ISA_USAGE = YES_ERROR;
				CLANG_WARN_DOCUMENTATION_COMMENTS = YES;
				CLANG_WARN_EMPTY_BODY = YES;
				CLANG_WARN_ENUM_CONVERSION = YES;
				CLANG_WARN_INFINITE_RECURSION = YES;
				CLANG_WARN_INT_CONVERSION = YES;
				CLANG_WARN_NON_LITERAL_NULL_CONVERSION = YES;
				CLANG_WARN_OBJC_IMPLICIT_RETAIN_SELF = YES;
				CLANG_WARN_OBJC_LITERAL_CONVERSION = YES;
				CLANG_WARN_OBJC_ROOT_CLASS = YES_ERROR;
				CLANG_WARN_RANGE_LOOP_ANALYSIS = YES;
				CLANG_WARN_STRICT_PROTOTYPES = YES;
				CLANG_WARN_SUSPICIOUS_MOVE = YES;
				CLANG_WARN_UNGUARDED_AVAILABILITY = YES_AGGRESSIVE;
				CLANG_WARN_UNREACHABLE_CODE = YES;
				CLANG_WARN__DUPLICATE_METHOD_MATCH = YES;
				COPY_PHASE_STRIP = NO;
				DEBUG_INFORMATION_FORMAT = dwarf;
				ENABLE_STRICT_OBJC_MSGSEND = YES;
				ENABLE_TESTABILITY = YES;
				GCC_C_LANGUAGE_STANDARD = gnu11;
				GCC_DYNAMIC_NO_PIC = NO;
				GCC_NO_COMMON_BLOCKS = YES;
				GCC_OPTIMIZATION_LEVEL = 0;
				GCC_PREPROCESSOR_DEFINITIONS = (
					"DEBUG=1",
					"$(inherited)",
				);
				GCC_WARN_64_TO_32_BIT_CONVERSION = YES;
				GCC_WARN_ABOUT_RETURN_TYPE = YES_ERROR;
				GCC_WARN_UNDECLARED_SELECTOR = YES;
				GCC_WARN_UNINITIALIZED_AUTOS = YES_AGGRESSIVE;
				GCC_WARN_UNUSED_FUNCTION = YES;
				GCC_WARN_UNUSED_VARIABLE = YES;
				IPHONEOS_DEPLOYMENT_TARGET = 13.4;
				MTL_ENABLE_DEBUG_INFO = INCLUDE_SOURCE;
				MTL_FAST_MATH = YES;
				ONLY_ACTIVE_ARCH = YES;
				SDKROOT = iphoneos;
				SWIFT_ACTIVE_COMPILATION_CONDITIONS = DEBUG;
				SWIFT_OPTIMIZATION_LEVEL = "-Onone";
			};
			name = Debug;
		};
		2A03BEE92428BC700094852B /* Release */ = {
			isa = XCBuildConfiguration;
			buildSettings = {
				ALWAYS_SEARCH_USER_PATHS = NO;
				CLANG_ANALYZER_NONNULL = YES;
				CLANG_ANALYZER_NUMBER_OBJECT_CONVERSION = YES_AGGRESSIVE;
				CLANG_CXX_LANGUAGE_STANDARD = "gnu++14";
				CLANG_CXX_LIBRARY = "libc++";
				CLANG_ENABLE_MODULES = YES;
				CLANG_ENABLE_OBJC_ARC = YES;
				CLANG_ENABLE_OBJC_WEAK = YES;
				CLANG_WARN_BLOCK_CAPTURE_AUTORELEASING = YES;
				CLANG_WARN_BOOL_CONVERSION = YES;
				CLANG_WARN_COMMA = YES;
				CLANG_WARN_CONSTANT_CONVERSION = YES;
				CLANG_WARN_DEPRECATED_OBJC_IMPLEMENTATIONS = YES;
				CLANG_WARN_DIRECT_OBJC_ISA_USAGE = YES_ERROR;
				CLANG_WARN_DOCUMENTATION_COMMENTS = YES;
				CLANG_WARN_EMPTY_BODY = YES;
				CLANG_WARN_ENUM_CONVERSION = YES;
				CLANG_WARN_INFINITE_RECURSION = YES;
				CLANG_WARN_INT_CONVERSION = YES;
				CLANG_WARN_NON_LITERAL_NULL_CONVERSION = YES;
				CLANG_WARN_OBJC_IMPLICIT_RETAIN_SELF = YES;
				CLANG_WARN_OBJC_LITERAL_CONVERSION = YES;
				CLANG_WARN_OBJC_ROOT_CLASS = YES_ERROR;
				CLANG_WARN_RANGE_LOOP_ANALYSIS = YES;
				CLANG_WARN_STRICT_PROTOTYPES = YES;
				CLANG_WARN_SUSPICIOUS_MOVE = YES;
				CLANG_WARN_UNGUARDED_AVAILABILITY = YES_AGGRESSIVE;
				CLANG_WARN_UNREACHABLE_CODE = YES;
				CLANG_WARN__DUPLICATE_METHOD_MATCH = YES;
				COPY_PHASE_STRIP = NO;
				DEBUG_INFORMATION_FORMAT = "dwarf-with-dsym";
				ENABLE_NS_ASSERTIONS = NO;
				ENABLE_STRICT_OBJC_MSGSEND = YES;
				GCC_C_LANGUAGE_STANDARD = gnu11;
				GCC_NO_COMMON_BLOCKS = YES;
				GCC_WARN_64_TO_32_BIT_CONVERSION = YES;
				GCC_WARN_ABOUT_RETURN_TYPE = YES_ERROR;
				GCC_WARN_UNDECLARED_SELECTOR = YES;
				GCC_WARN_UNINITIALIZED_AUTOS = YES_AGGRESSIVE;
				GCC_WARN_UNUSED_FUNCTION = YES;
				GCC_WARN_UNUSED_VARIABLE = YES;
				IPHONEOS_DEPLOYMENT_TARGET = 13.4;
				MTL_ENABLE_DEBUG_INFO = NO;
				MTL_FAST_MATH = YES;
				SDKROOT = iphoneos;
				SWIFT_COMPILATION_MODE = wholemodule;
				SWIFT_OPTIMIZATION_LEVEL = "-O";
				VALIDATE_PRODUCT = YES;
			};
			name = Release;
		};
		2A03BEEB2428BC700094852B /* Debug */ = {
			isa = XCBuildConfiguration;
			buildSettings = {
				ASSETCATALOG_COMPILER_APPICON_NAME = AppIcon;
				CODE_SIGN_ENTITLEMENTS = "Covid19Observer/C19 Observer.entitlements";
				CODE_SIGN_STYLE = Automatic;
				CURRENT_PROJECT_VERSION = 9;
				DEVELOPMENT_ASSET_PATHS = "\"Covid19Observer/Preview Content\"";
				DEVELOPMENT_TEAM = VRVJ9YNRQU;
				ENABLE_PREVIEWS = YES;
				INFOPLIST_FILE = Covid19Observer/Info.plist;
				LD_RUNPATH_SEARCH_PATHS = (
					"$(inherited)",
					"@executable_path/Frameworks",
				);
				MARKETING_VERSION = 1.37;
				PRODUCT_BUNDLE_IDENTIFIER = com.photoigor.Covid19Observer;
				PRODUCT_NAME = "C19 Observer";
				SWIFT_VERSION = 5.0;
				TARGETED_DEVICE_FAMILY = "1,2";
			};
			name = Debug;
		};
		2A03BEEC2428BC700094852B /* Release */ = {
			isa = XCBuildConfiguration;
			buildSettings = {
				ASSETCATALOG_COMPILER_APPICON_NAME = AppIcon;
				CODE_SIGN_ENTITLEMENTS = "Covid19Observer/C19 Observer.entitlements";
				CODE_SIGN_STYLE = Automatic;
				CURRENT_PROJECT_VERSION = 9;
				DEVELOPMENT_ASSET_PATHS = "\"Covid19Observer/Preview Content\"";
				DEVELOPMENT_TEAM = VRVJ9YNRQU;
				ENABLE_PREVIEWS = YES;
				INFOPLIST_FILE = Covid19Observer/Info.plist;
				LD_RUNPATH_SEARCH_PATHS = (
					"$(inherited)",
					"@executable_path/Frameworks",
				);
				MARKETING_VERSION = 1.37;
				PRODUCT_BUNDLE_IDENTIFIER = com.photoigor.Covid19Observer;
				PRODUCT_NAME = "C19 Observer";
				SWIFT_VERSION = 5.0;
				TARGETED_DEVICE_FAMILY = "1,2";
			};
			name = Release;
		};
/* End XCBuildConfiguration section */

/* Begin XCConfigurationList section */
		2A03BED12428BC6F0094852B /* Build configuration list for PBXProject "Covid19Observer" */ = {
			isa = XCConfigurationList;
			buildConfigurations = (
				2A03BEE82428BC700094852B /* Debug */,
				2A03BEE92428BC700094852B /* Release */,
			);
			defaultConfigurationIsVisible = 0;
			defaultConfigurationName = Release;
		};
		2A03BEEA2428BC700094852B /* Build configuration list for PBXNativeTarget "Covid19Observer" */ = {
			isa = XCConfigurationList;
			buildConfigurations = (
				2A03BEEB2428BC700094852B /* Debug */,
				2A03BEEC2428BC700094852B /* Release */,
			);
			defaultConfigurationIsVisible = 0;
			defaultConfigurationName = Release;
		};
/* End XCConfigurationList section */

/* Begin XCRemoteSwiftPackageReference section */
		2A03BEED2428BD3E0094852B /* XCRemoteSwiftPackageReference "SwiftPI" */ = {
			isa = XCRemoteSwiftPackageReference;
			repositoryURL = "https://github.com/igor1309/SwiftPI.git";
			requirement = {
				branch = master;
				kind = branch;
			};
		};
		2AE2C543243B347400CC8476 /* XCRemoteSwiftPackageReference "swift-numerics" */ = {
			isa = XCRemoteSwiftPackageReference;
			repositoryURL = "https://github.com/apple/swift-numerics";
			requirement = {
				kind = upToNextMajorVersion;
				minimumVersion = 0.0.5;
			};
		};
/* End XCRemoteSwiftPackageReference section */

/* Begin XCSwiftPackageProductDependency section */
		2A03BEEE2428BD3F0094852B /* SwiftPI */ = {
			isa = XCSwiftPackageProductDependency;
			package = 2A03BEED2428BD3E0094852B /* XCRemoteSwiftPackageReference "SwiftPI" */;
			productName = SwiftPI;
		};
		2AE2C544243B347400CC8476 /* RealModule */ = {
			isa = XCSwiftPackageProductDependency;
			package = 2AE2C543243B347400CC8476 /* XCRemoteSwiftPackageReference "swift-numerics" */;
			productName = RealModule;
		};
		2AE2C546243B347400CC8476 /* Numerics */ = {
			isa = XCSwiftPackageProductDependency;
			package = 2AE2C543243B347400CC8476 /* XCRemoteSwiftPackageReference "swift-numerics" */;
			productName = Numerics;
		};
/* End XCSwiftPackageProductDependency section */
	};
	rootObject = 2A03BECE2428BC6F0094852B /* Project object */;
}
