// !$*UTF8*$!
{
	archiveVersion = 1;
	classes = {
	};
	objectVersion = 52;
	objects = {

/* Begin PBXBuildFile section */
		2A03BEDA2428BC6F0094852B /* AppDelegate.swift in Sources */ = {isa = PBXBuildFile; fileRef = 2A03BED92428BC6F0094852B /* AppDelegate.swift */; };
		2A03BEDC2428BC6F0094852B /* SceneDelegate.swift in Sources */ = {isa = PBXBuildFile; fileRef = 2A03BEDB2428BC6F0094852B /* SceneDelegate.swift */; };
		2A03BEDE2428BC6F0094852B /* ContentView.swift in Sources */ = {isa = PBXBuildFile; fileRef = 2A03BEDD2428BC6F0094852B /* ContentView.swift */; };
		2A03BEE02428BC700094852B /* Assets.xcassets in Resources */ = {isa = PBXBuildFile; fileRef = 2A03BEDF2428BC700094852B /* Assets.xcassets */; };
		2A03BEE32428BC700094852B /* Preview Assets.xcassets in Resources */ = {isa = PBXBuildFile; fileRef = 2A03BEE22428BC700094852B /* Preview Assets.xcassets */; };
		2A03BEE62428BC700094852B /* LaunchScreen.storyboard in Resources */ = {isa = PBXBuildFile; fileRef = 2A03BEE42428BC700094852B /* LaunchScreen.storyboard */; };
		2A03BEEF2428BD3F0094852B /* SwiftPI in Frameworks */ = {isa = PBXBuildFile; productRef = 2A03BEEE2428BD3F0094852B /* SwiftPI */; };
		2A03BF022428C04F0094852B /* CaseAnnotations.swift in Sources */ = {isa = PBXBuildFile; fileRef = 2A03BEF12428C04F0094852B /* CaseAnnotations.swift */; };
		2A03BF032428C04F0094852B /* Corona.swift in Sources */ = {isa = PBXBuildFile; fileRef = 2A03BEF22428C04F0094852B /* Corona.swift */; };
		2A03BF042428C04F0094852B /* CaseType.swift in Sources */ = {isa = PBXBuildFile; fileRef = 2A03BEF32428C04F0094852B /* CaseType.swift */; };
		2A03BF052428C04F0094852B /* CoronaStore.swift in Sources */ = {isa = PBXBuildFile; fileRef = 2A03BEF42428C04F0094852B /* CoronaStore.swift */; };
		2A03BF062428C04F0094852B /* CaseData.swift in Sources */ = {isa = PBXBuildFile; fileRef = 2A03BEF52428C04F0094852B /* CaseData.swift */; };
		2A03BF072428C04F0094852B /* CasesTableView.swift in Sources */ = {isa = PBXBuildFile; fileRef = 2A03BEF72428C04F0094852B /* CasesTableView.swift */; };
		2A03BF082428C04F0094852B /* PreferenceKeys.swift in Sources */ = {isa = PBXBuildFile; fileRef = 2A03BEF92428C04F0094852B /* PreferenceKeys.swift */; };
		2A03BF092428C04F0094852B /* Extension+View.swift in Sources */ = {isa = PBXBuildFile; fileRef = 2A03BEFA2428C04F0094852B /* Extension+View.swift */; };
		2A03BF0B2428C04F0094852B /* CasesChartView.swift in Sources */ = {isa = PBXBuildFile; fileRef = 2A03BEFD2428C04F0094852B /* CasesChartView.swift */; };
		2A03BF0D2428C04F0094852B /* MapViewsOLD.swift in Sources */ = {isa = PBXBuildFile; fileRef = 2A03BF002428C04F0094852B /* MapViewsOLD.swift */; };
		2A03BF0E2428C04F0094852B /* CasesOnMapView.swift in Sources */ = {isa = PBXBuildFile; fileRef = 2A03BF012428C04F0094852B /* CasesOnMapView.swift */; };
		2A03BF122428C9890094852B /* TopTenBarChartVert.swift in Sources */ = {isa = PBXBuildFile; fileRef = 2A03BF112428C9890094852B /* TopTenBarChartVert.swift */; };
		2A03BF142428C9C80094852B /* TopCasesHBarChart.swift in Sources */ = {isa = PBXBuildFile; fileRef = 2A03BF132428C9C80094852B /* TopCasesHBarChart.swift */; };
		2A445F3124292E94007C6846 /* AxisY.swift in Sources */ = {isa = PBXBuildFile; fileRef = 2A445F3024292E94007C6846 /* AxisY.swift */; };
		2A445F3324292F1A007C6846 /* GraphGridShape.swift in Sources */ = {isa = PBXBuildFile; fileRef = 2A445F3224292F1A007C6846 /* GraphGridShape.swift */; };
		2A6607FD242BF2730056C849 /* MapKit+Extensions.swift in Sources */ = {isa = PBXBuildFile; fileRef = 2A6607FC242BF2730056C849 /* MapKit+Extensions.swift */; };
		2A6607FF242BF7060056C849 /* MapView.swift in Sources */ = {isa = PBXBuildFile; fileRef = 2A6607FE242BF7060056C849 /* MapView.swift */; };
		2A660801242CC7720056C849 /* CaseAnnotationView.swift in Sources */ = {isa = PBXBuildFile; fileRef = 2A660800242CC7720056C849 /* CaseAnnotationView.swift */; };
		2A74F0B32428CB8400137694 /* DoublingModel.swift in Sources */ = {isa = PBXBuildFile; fileRef = 2A74F0AF2428CB8400137694 /* DoublingModel.swift */; };
		2A74F0B42428CB8400137694 /* History.swift in Sources */ = {isa = PBXBuildFile; fileRef = 2A74F0B02428CB8400137694 /* History.swift */; };
		2A74F0B52428CB8400137694 /* Settings.swift in Sources */ = {isa = PBXBuildFile; fileRef = 2A74F0B12428CB8400137694 /* Settings.swift */; };
		2A74F0B92428CBB400137694 /* HeatedLineChart.swift in Sources */ = {isa = PBXBuildFile; fileRef = 2A74F0B62428CBB300137694 /* HeatedLineChart.swift */; };
		2A74F0BA2428CBB400137694 /* LineGraphGrid.swift in Sources */ = {isa = PBXBuildFile; fileRef = 2A74F0B72428CBB300137694 /* LineGraphGrid.swift */; };
		2A74F0BB2428CBB400137694 /* LineGraphShape.swift in Sources */ = {isa = PBXBuildFile; fileRef = 2A74F0B82428CBB300137694 /* LineGraphShape.swift */; };
		2A74F0BF2428CE3E00137694 /* DoublingTimeView.swift in Sources */ = {isa = PBXBuildFile; fileRef = 2A74F0BD2428CE3E00137694 /* DoublingTimeView.swift */; };
		2A74F0C02428CE3E00137694 /* WikiQuoteView.swift in Sources */ = {isa = PBXBuildFile; fileRef = 2A74F0BE2428CE3E00137694 /* WikiQuoteView.swift */; };
		2A74F0C62428CE7B00137694 /* Table.swift in Sources */ = {isa = PBXBuildFile; fileRef = 2A74F0C22428CE7B00137694 /* Table.swift */; };
		2A74F0C72428CE7B00137694 /* Extensions.swift in Sources */ = {isa = PBXBuildFile; fileRef = 2A74F0C32428CE7B00137694 /* Extensions.swift */; };
		2A74F0C82428CE7B00137694 /* CountryPicker.swift in Sources */ = {isa = PBXBuildFile; fileRef = 2A74F0C42428CE7B00137694 /* CountryPicker.swift */; };
		2A74F0CC2428FB3A00137694 /* CasesLineChartView.swift in Sources */ = {isa = PBXBuildFile; fileRef = 2A74F0CB2428FB3A00137694 /* CasesLineChartView.swift */; };
		2AAAC6EF242A384000C03E5B /* SettingsView.swift in Sources */ = {isa = PBXBuildFile; fileRef = 2AAAC6EE242A384000C03E5B /* SettingsView.swift */; };
/* End PBXBuildFile section */

/* Begin PBXFileReference section */
		2A03BED62428BC6F0094852B /* C19 Observer.app */ = {isa = PBXFileReference; explicitFileType = wrapper.application; includeInIndex = 0; path = "C19 Observer.app"; sourceTree = BUILT_PRODUCTS_DIR; };
		2A03BED92428BC6F0094852B /* AppDelegate.swift */ = {isa = PBXFileReference; lastKnownFileType = sourcecode.swift; path = AppDelegate.swift; sourceTree = "<group>"; };
		2A03BEDB2428BC6F0094852B /* SceneDelegate.swift */ = {isa = PBXFileReference; lastKnownFileType = sourcecode.swift; path = SceneDelegate.swift; sourceTree = "<group>"; };
		2A03BEDD2428BC6F0094852B /* ContentView.swift */ = {isa = PBXFileReference; lastKnownFileType = sourcecode.swift; path = ContentView.swift; sourceTree = "<group>"; };
		2A03BEDF2428BC700094852B /* Assets.xcassets */ = {isa = PBXFileReference; lastKnownFileType = folder.assetcatalog; path = Assets.xcassets; sourceTree = "<group>"; };
		2A03BEE22428BC700094852B /* Preview Assets.xcassets */ = {isa = PBXFileReference; lastKnownFileType = folder.assetcatalog; path = "Preview Assets.xcassets"; sourceTree = "<group>"; };
		2A03BEE52428BC700094852B /* Base */ = {isa = PBXFileReference; lastKnownFileType = file.storyboard; name = Base; path = Base.lproj/LaunchScreen.storyboard; sourceTree = "<group>"; };
		2A03BEE72428BC700094852B /* Info.plist */ = {isa = PBXFileReference; lastKnownFileType = text.plist.xml; path = Info.plist; sourceTree = "<group>"; };
		2A03BEF12428C04F0094852B /* CaseAnnotations.swift */ = {isa = PBXFileReference; fileEncoding = 4; lastKnownFileType = sourcecode.swift; path = CaseAnnotations.swift; sourceTree = "<group>"; };
		2A03BEF22428C04F0094852B /* Corona.swift */ = {isa = PBXFileReference; fileEncoding = 4; lastKnownFileType = sourcecode.swift; path = Corona.swift; sourceTree = "<group>"; };
		2A03BEF32428C04F0094852B /* CaseType.swift */ = {isa = PBXFileReference; fileEncoding = 4; lastKnownFileType = sourcecode.swift; path = CaseType.swift; sourceTree = "<group>"; };
		2A03BEF42428C04F0094852B /* CoronaStore.swift */ = {isa = PBXFileReference; fileEncoding = 4; lastKnownFileType = sourcecode.swift; path = CoronaStore.swift; sourceTree = "<group>"; };
		2A03BEF52428C04F0094852B /* CaseData.swift */ = {isa = PBXFileReference; fileEncoding = 4; lastKnownFileType = sourcecode.swift; path = CaseData.swift; sourceTree = "<group>"; };
		2A03BEF72428C04F0094852B /* CasesTableView.swift */ = {isa = PBXFileReference; fileEncoding = 4; lastKnownFileType = sourcecode.swift; path = CasesTableView.swift; sourceTree = "<group>"; };
		2A03BEF92428C04F0094852B /* PreferenceKeys.swift */ = {isa = PBXFileReference; fileEncoding = 4; lastKnownFileType = sourcecode.swift; path = PreferenceKeys.swift; sourceTree = "<group>"; };
		2A03BEFA2428C04F0094852B /* Extension+View.swift */ = {isa = PBXFileReference; fileEncoding = 4; lastKnownFileType = sourcecode.swift; path = "Extension+View.swift"; sourceTree = "<group>"; };
		2A03BEFD2428C04F0094852B /* CasesChartView.swift */ = {isa = PBXFileReference; fileEncoding = 4; lastKnownFileType = sourcecode.swift; path = CasesChartView.swift; sourceTree = "<group>"; };
		2A03BF002428C04F0094852B /* MapViewsOLD.swift */ = {isa = PBXFileReference; fileEncoding = 4; lastKnownFileType = sourcecode.swift; path = MapViewsOLD.swift; sourceTree = "<group>"; };
		2A03BF012428C04F0094852B /* CasesOnMapView.swift */ = {isa = PBXFileReference; fileEncoding = 4; lastKnownFileType = sourcecode.swift; path = CasesOnMapView.swift; sourceTree = "<group>"; };
		2A03BF112428C9890094852B /* TopTenBarChartVert.swift */ = {isa = PBXFileReference; fileEncoding = 4; lastKnownFileType = sourcecode.swift; path = TopTenBarChartVert.swift; sourceTree = "<group>"; };
		2A03BF132428C9C80094852B /* TopCasesHBarChart.swift */ = {isa = PBXFileReference; fileEncoding = 4; lastKnownFileType = sourcecode.swift; path = TopCasesHBarChart.swift; sourceTree = "<group>"; };
		2A445F3024292E94007C6846 /* AxisY.swift */ = {isa = PBXFileReference; lastKnownFileType = sourcecode.swift; path = AxisY.swift; sourceTree = "<group>"; };
		2A445F3224292F1A007C6846 /* GraphGridShape.swift */ = {isa = PBXFileReference; lastKnownFileType = sourcecode.swift; path = GraphGridShape.swift; sourceTree = "<group>"; };
		2A6607FC242BF2730056C849 /* MapKit+Extensions.swift */ = {isa = PBXFileReference; lastKnownFileType = sourcecode.swift; path = "MapKit+Extensions.swift"; sourceTree = "<group>"; };
		2A6607FE242BF7060056C849 /* MapView.swift */ = {isa = PBXFileReference; lastKnownFileType = sourcecode.swift; path = MapView.swift; sourceTree = "<group>"; };
		2A660800242CC7720056C849 /* CaseAnnotationView.swift */ = {isa = PBXFileReference; lastKnownFileType = sourcecode.swift; path = CaseAnnotationView.swift; sourceTree = "<group>"; };
		2A74F0AF2428CB8400137694 /* DoublingModel.swift */ = {isa = PBXFileReference; fileEncoding = 4; lastKnownFileType = sourcecode.swift; path = DoublingModel.swift; sourceTree = "<group>"; };
		2A74F0B02428CB8400137694 /* History.swift */ = {isa = PBXFileReference; fileEncoding = 4; lastKnownFileType = sourcecode.swift; path = History.swift; sourceTree = "<group>"; };
		2A74F0B12428CB8400137694 /* Settings.swift */ = {isa = PBXFileReference; fileEncoding = 4; lastKnownFileType = sourcecode.swift; path = Settings.swift; sourceTree = "<group>"; };
		2A74F0B62428CBB300137694 /* HeatedLineChart.swift */ = {isa = PBXFileReference; fileEncoding = 4; lastKnownFileType = sourcecode.swift; path = HeatedLineChart.swift; sourceTree = "<group>"; };
		2A74F0B72428CBB300137694 /* LineGraphGrid.swift */ = {isa = PBXFileReference; fileEncoding = 4; lastKnownFileType = sourcecode.swift; path = LineGraphGrid.swift; sourceTree = "<group>"; };
		2A74F0B82428CBB300137694 /* LineGraphShape.swift */ = {isa = PBXFileReference; fileEncoding = 4; lastKnownFileType = sourcecode.swift; path = LineGraphShape.swift; sourceTree = "<group>"; };
		2A74F0BD2428CE3E00137694 /* DoublingTimeView.swift */ = {isa = PBXFileReference; fileEncoding = 4; lastKnownFileType = sourcecode.swift; path = DoublingTimeView.swift; sourceTree = "<group>"; };
		2A74F0BE2428CE3E00137694 /* WikiQuoteView.swift */ = {isa = PBXFileReference; fileEncoding = 4; lastKnownFileType = sourcecode.swift; path = WikiQuoteView.swift; sourceTree = "<group>"; };
		2A74F0C22428CE7B00137694 /* Table.swift */ = {isa = PBXFileReference; fileEncoding = 4; lastKnownFileType = sourcecode.swift; path = Table.swift; sourceTree = "<group>"; };
		2A74F0C32428CE7B00137694 /* Extensions.swift */ = {isa = PBXFileReference; fileEncoding = 4; lastKnownFileType = sourcecode.swift; path = Extensions.swift; sourceTree = "<group>"; };
		2A74F0C42428CE7B00137694 /* CountryPicker.swift */ = {isa = PBXFileReference; fileEncoding = 4; lastKnownFileType = sourcecode.swift; path = CountryPicker.swift; sourceTree = "<group>"; };
		2A74F0CB2428FB3A00137694 /* CasesLineChartView.swift */ = {isa = PBXFileReference; fileEncoding = 4; lastKnownFileType = sourcecode.swift; path = CasesLineChartView.swift; sourceTree = "<group>"; };
		2AAAC6EE242A384000C03E5B /* SettingsView.swift */ = {isa = PBXFileReference; lastKnownFileType = sourcecode.swift; path = SettingsView.swift; sourceTree = "<group>"; };
/* End PBXFileReference section */

/* Begin PBXFrameworksBuildPhase section */
		2A03BED32428BC6F0094852B /* Frameworks */ = {
			isa = PBXFrameworksBuildPhase;
			buildActionMask = 2147483647;
			files = (
				2A03BEEF2428BD3F0094852B /* SwiftPI in Frameworks */,
			);
			runOnlyForDeploymentPostprocessing = 0;
		};
/* End PBXFrameworksBuildPhase section */

/* Begin PBXGroup section */
		2A03BECD2428BC6F0094852B = {
			isa = PBXGroup;
			children = (
				2A03BED82428BC6F0094852B /* Covid19Observer */,
				2A03BED72428BC6F0094852B /* Products */,
			);
			sourceTree = "<group>";
		};
		2A03BED72428BC6F0094852B /* Products */ = {
			isa = PBXGroup;
			children = (
				2A03BED62428BC6F0094852B /* C19 Observer.app */,
			);
			name = Products;
			sourceTree = "<group>";
		};
		2A03BED82428BC6F0094852B /* Covid19Observer */ = {
			isa = PBXGroup;
			children = (
				2A03BED92428BC6F0094852B /* AppDelegate.swift */,
				2A03BEDB2428BC6F0094852B /* SceneDelegate.swift */,
				2A445F34242931A1007C6846 /* WORK IN PROGRESS */,
				2A03BEDD2428BC6F0094852B /* ContentView.swift */,
				2AFF26E9242B50E300DAC856 /* Cases Chart */,
				2A03BEFF2428C04F0094852B /* Map Views */,
				2A03BEF62428C04F0094852B /* Table */,
				2A03BEFB2428C04F0094852B /* Line Charts */,
				2A74F0BC2428CE3E00137694 /* Doubling Time */,
				2A660802242D352D0056C849 /* Settings */,
				2A03BEF82428C04F0094852B /* Extras */,
				2A03BEF02428C04F0094852B /* Model */,
				2A03BEDF2428BC700094852B /* Assets.xcassets */,
				2A03BEE42428BC700094852B /* LaunchScreen.storyboard */,
				2A03BEE72428BC700094852B /* Info.plist */,
				2A03BEE12428BC700094852B /* Preview Content */,
			);
			path = Covid19Observer;
			sourceTree = "<group>";
		};
		2A03BEE12428BC700094852B /* Preview Content */ = {
			isa = PBXGroup;
			children = (
				2A03BEE22428BC700094852B /* Preview Assets.xcassets */,
			);
			path = "Preview Content";
			sourceTree = "<group>";
		};
		2A03BEF02428C04F0094852B /* Model */ = {
			isa = PBXGroup;
			children = (
				2A03BEF42428C04F0094852B /* CoronaStore.swift */,
				2A03BEF22428C04F0094852B /* Corona.swift */,
				2A03BEF12428C04F0094852B /* CaseAnnotations.swift */,
				2A03BEF32428C04F0094852B /* CaseType.swift */,
				2A03BEF52428C04F0094852B /* CaseData.swift */,
				2A74F0B02428CB8400137694 /* History.swift */,
				2A74F0B12428CB8400137694 /* Settings.swift */,
				2A74F0AF2428CB8400137694 /* DoublingModel.swift */,
			);
			path = Model;
			sourceTree = "<group>";
		};
		2A03BEF62428C04F0094852B /* Table */ = {
			isa = PBXGroup;
			children = (
				2A03BEF72428C04F0094852B /* CasesTableView.swift */,
			);
			path = Table;
			sourceTree = "<group>";
		};
		2A03BEF82428C04F0094852B /* Extras */ = {
			isa = PBXGroup;
			children = (
				2A74F0C22428CE7B00137694 /* Table.swift */,
				2A74F0C42428CE7B00137694 /* CountryPicker.swift */,
				2A74F0C32428CE7B00137694 /* Extensions.swift */,
				2A03BEF92428C04F0094852B /* PreferenceKeys.swift */,
				2A03BEFA2428C04F0094852B /* Extension+View.swift */,
			);
			path = Extras;
			sourceTree = "<group>";
		};
		2A03BEFB2428C04F0094852B /* Line Charts */ = {
			isa = PBXGroup;
			children = (
				2A74F0CB2428FB3A00137694 /* CasesLineChartView.swift */,
				2A74F0B62428CBB300137694 /* HeatedLineChart.swift */,
				2A74F0B82428CBB300137694 /* LineGraphShape.swift */,
				2A74F0B72428CBB300137694 /* LineGraphGrid.swift */,
				2A445F3224292F1A007C6846 /* GraphGridShape.swift */,
				2A445F3024292E94007C6846 /* AxisY.swift */,
			);
			path = "Line Charts";
			sourceTree = "<group>";
		};
		2A03BEFF2428C04F0094852B /* Map Views */ = {
			isa = PBXGroup;
			children = (
				2A03BF012428C04F0094852B /* CasesOnMapView.swift */,
				2A6607FE242BF7060056C849 /* MapView.swift */,
				2A660800242CC7720056C849 /* CaseAnnotationView.swift */,
				2A03BF002428C04F0094852B /* MapViewsOLD.swift */,
				2A6607FC242BF2730056C849 /* MapKit+Extensions.swift */,
			);
			path = "Map Views";
			sourceTree = "<group>";
		};
		2A445F34242931A1007C6846 /* WORK IN PROGRESS */ = {
			isa = PBXGroup;
			children = (
				2A03BF112428C9890094852B /* TopTenBarChartVert.swift */,
			);
			path = "WORK IN PROGRESS";
			sourceTree = "<group>";
		};
		2A660802242D352D0056C849 /* Settings */ = {
			isa = PBXGroup;
			children = (
				2AAAC6EE242A384000C03E5B /* SettingsView.swift */,
			);
			path = Settings;
			sourceTree = "<group>";
		};
		2A74F0BC2428CE3E00137694 /* Doubling Time */ = {
			isa = PBXGroup;
			children = (
				2A74F0BD2428CE3E00137694 /* DoublingTimeView.swift */,
				2A74F0BE2428CE3E00137694 /* WikiQuoteView.swift */,
			);
			path = "Doubling Time";
			sourceTree = "<group>";
		};
		2AFF26E9242B50E300DAC856 /* Cases Chart */ = {
			isa = PBXGroup;
			children = (
				2A03BEFD2428C04F0094852B /* CasesChartView.swift */,
				2A03BF132428C9C80094852B /* TopCasesHBarChart.swift */,
			);
			path = "Cases Chart";
			sourceTree = "<group>";
		};
/* End PBXGroup section */

/* Begin PBXNativeTarget section */
		2A03BED52428BC6F0094852B /* Covid19Observer */ = {
			isa = PBXNativeTarget;
			buildConfigurationList = 2A03BEEA2428BC700094852B /* Build configuration list for PBXNativeTarget "Covid19Observer" */;
			buildPhases = (
				2A03BED22428BC6F0094852B /* Sources */,
				2A03BED32428BC6F0094852B /* Frameworks */,
				2A03BED42428BC6F0094852B /* Resources */,
			);
			buildRules = (
			);
			dependencies = (
			);
			name = Covid19Observer;
			packageProductDependencies = (
				2A03BEEE2428BD3F0094852B /* SwiftPI */,
			);
			productName = Covid19Observer;
			productReference = 2A03BED62428BC6F0094852B /* C19 Observer.app */;
			productType = "com.apple.product-type.application";
		};
/* End PBXNativeTarget section */

/* Begin PBXProject section */
		2A03BECE2428BC6F0094852B /* Project object */ = {
			isa = PBXProject;
			attributes = {
				LastSwiftUpdateCheck = 1140;
				LastUpgradeCheck = 1140;
				ORGANIZATIONNAME = "Igor Malyarov";
				TargetAttributes = {
					2A03BED52428BC6F0094852B = {
						CreatedOnToolsVersion = 11.4;
					};
				};
			};
			buildConfigurationList = 2A03BED12428BC6F0094852B /* Build configuration list for PBXProject "Covid19Observer" */;
			compatibilityVersion = "Xcode 9.3";
			developmentRegion = en;
			hasScannedForEncodings = 0;
			knownRegions = (
				en,
				Base,
			);
			mainGroup = 2A03BECD2428BC6F0094852B;
			packageReferences = (
				2A03BEED2428BD3E0094852B /* XCRemoteSwiftPackageReference "SwiftPI" */,
			);
			productRefGroup = 2A03BED72428BC6F0094852B /* Products */;
			projectDirPath = "";
			projectRoot = "";
			targets = (
				2A03BED52428BC6F0094852B /* Covid19Observer */,
			);
		};
/* End PBXProject section */

/* Begin PBXResourcesBuildPhase section */
		2A03BED42428BC6F0094852B /* Resources */ = {
			isa = PBXResourcesBuildPhase;
			buildActionMask = 2147483647;
			files = (
				2A03BEE62428BC700094852B /* LaunchScreen.storyboard in Resources */,
				2A03BEE32428BC700094852B /* Preview Assets.xcassets in Resources */,
				2A03BEE02428BC700094852B /* Assets.xcassets in Resources */,
			);
			runOnlyForDeploymentPostprocessing = 0;
		};
/* End PBXResourcesBuildPhase section */

/* Begin PBXSourcesBuildPhase section */
		2A03BED22428BC6F0094852B /* Sources */ = {
			isa = PBXSourcesBuildPhase;
			buildActionMask = 2147483647;
			files = (
				2A03BF0B2428C04F0094852B /* CasesChartView.swift in Sources */,
				2A03BF052428C04F0094852B /* CoronaStore.swift in Sources */,
				2A03BF0D2428C04F0094852B /* MapViewsOLD.swift in Sources */,
				2A03BEDA2428BC6F0094852B /* AppDelegate.swift in Sources */,
				2A74F0C02428CE3E00137694 /* WikiQuoteView.swift in Sources */,
				2A445F3324292F1A007C6846 /* GraphGridShape.swift in Sources */,
				2A03BF0E2428C04F0094852B /* CasesOnMapView.swift in Sources */,
				2A74F0BB2428CBB400137694 /* LineGraphShape.swift in Sources */,
				2A03BF082428C04F0094852B /* PreferenceKeys.swift in Sources */,
				2A74F0B42428CB8400137694 /* History.swift in Sources */,
				2A03BF042428C04F0094852B /* CaseType.swift in Sources */,
				2A03BF092428C04F0094852B /* Extension+View.swift in Sources */,
				2A03BF122428C9890094852B /* TopTenBarChartVert.swift in Sources */,
				2A74F0CC2428FB3A00137694 /* CasesLineChartView.swift in Sources */,
				2A74F0B92428CBB400137694 /* HeatedLineChart.swift in Sources */,
				2A03BF032428C04F0094852B /* Corona.swift in Sources */,
				2A03BF142428C9C80094852B /* TopCasesHBarChart.swift in Sources */,
				2A74F0B32428CB8400137694 /* DoublingModel.swift in Sources */,
				2A03BEDC2428BC6F0094852B /* SceneDelegate.swift in Sources */,
				2A6607FD242BF2730056C849 /* MapKit+Extensions.swift in Sources */,
				2A03BF022428C04F0094852B /* CaseAnnotations.swift in Sources */,
				2A660801242CC7720056C849 /* CaseAnnotationView.swift in Sources */,
				2A74F0B52428CB8400137694 /* Settings.swift in Sources */,
				2A74F0C62428CE7B00137694 /* Table.swift in Sources */,
				2A74F0C82428CE7B00137694 /* CountryPicker.swift in Sources */,
				2A74F0BA2428CBB400137694 /* LineGraphGrid.swift in Sources */,
				2A6607FF242BF7060056C849 /* MapView.swift in Sources */,
				2A445F3124292E94007C6846 /* AxisY.swift in Sources */,
				2A03BEDE2428BC6F0094852B /* ContentView.swift in Sources */,
				2A03BF072428C04F0094852B /* CasesTableView.swift in Sources */,
				2A03BF062428C04F0094852B /* CaseData.swift in Sources */,
				2A74F0BF2428CE3E00137694 /* DoublingTimeView.swift in Sources */,
				2AAAC6EF242A384000C03E5B /* SettingsView.swift in Sources */,
				2A74F0C72428CE7B00137694 /* Extensions.swift in Sources */,
			);
			runOnlyForDeploymentPostprocessing = 0;
		};
/* End PBXSourcesBuildPhase section */

/* Begin PBXVariantGroup section */
		2A03BEE42428BC700094852B /* LaunchScreen.storyboard */ = {
			isa = PBXVariantGroup;
			children = (
				2A03BEE52428BC700094852B /* Base */,
			);
			name = LaunchScreen.storyboard;
			sourceTree = "<group>";
		};
/* End PBXVariantGroup section */

/* Begin XCBuildConfiguration section */
		2A03BEE82428BC700094852B /* Debug */ = {
			isa = XCBuildConfiguration;
			buildSettings = {
				ALWAYS_SEARCH_USER_PATHS = NO;
				CLANG_ANALYZER_NONNULL = YES;
				CLANG_ANALYZER_NUMBER_OBJECT_CONVERSION = YES_AGGRESSIVE;
				CLANG_CXX_LANGUAGE_STANDARD = "gnu++14";
				CLANG_CXX_LIBRARY = "libc++";
				CLANG_ENABLE_MODULES = YES;
				CLANG_ENABLE_OBJC_ARC = YES;
				CLANG_ENABLE_OBJC_WEAK = YES;
				CLANG_WARN_BLOCK_CAPTURE_AUTORELEASING = YES;
				CLANG_WARN_BOOL_CONVERSION = YES;
				CLANG_WARN_COMMA = YES;
				CLANG_WARN_CONSTANT_CONVERSION = YES;
				CLANG_WARN_DEPRECATED_OBJC_IMPLEMENTATIONS = YES;
				CLANG_WARN_DIRECT_OBJC_ISA_USAGE = YES_ERROR;
				CLANG_WARN_DOCUMENTATION_COMMENTS = YES;
				CLANG_WARN_EMPTY_BODY = YES;
				CLANG_WARN_ENUM_CONVERSION = YES;
				CLANG_WARN_INFINITE_RECURSION = YES;
				CLANG_WARN_INT_CONVERSION = YES;
				CLANG_WARN_NON_LITERAL_NULL_CONVERSION = YES;
				CLANG_WARN_OBJC_IMPLICIT_RETAIN_SELF = YES;
				CLANG_WARN_OBJC_LITERAL_CONVERSION = YES;
				CLANG_WARN_OBJC_ROOT_CLASS = YES_ERROR;
				CLANG_WARN_RANGE_LOOP_ANALYSIS = YES;
				CLANG_WARN_STRICT_PROTOTYPES = YES;
				CLANG_WARN_SUSPICIOUS_MOVE = YES;
				CLANG_WARN_UNGUARDED_AVAILABILITY = YES_AGGRESSIVE;
				CLANG_WARN_UNREACHABLE_CODE = YES;
				CLANG_WARN__DUPLICATE_METHOD_MATCH = YES;
				COPY_PHASE_STRIP = NO;
				DEBUG_INFORMATION_FORMAT = dwarf;
				ENABLE_STRICT_OBJC_MSGSEND = YES;
				ENABLE_TESTABILITY = YES;
				GCC_C_LANGUAGE_STANDARD = gnu11;
				GCC_DYNAMIC_NO_PIC = NO;
				GCC_NO_COMMON_BLOCKS = YES;
				GCC_OPTIMIZATION_LEVEL = 0;
				GCC_PREPROCESSOR_DEFINITIONS = (
					"DEBUG=1",
					"$(inherited)",
				);
				GCC_WARN_64_TO_32_BIT_CONVERSION = YES;
				GCC_WARN_ABOUT_RETURN_TYPE = YES_ERROR;
				GCC_WARN_UNDECLARED_SELECTOR = YES;
				GCC_WARN_UNINITIALIZED_AUTOS = YES_AGGRESSIVE;
				GCC_WARN_UNUSED_FUNCTION = YES;
				GCC_WARN_UNUSED_VARIABLE = YES;
				IPHONEOS_DEPLOYMENT_TARGET = 13.4;
				MTL_ENABLE_DEBUG_INFO = INCLUDE_SOURCE;
				MTL_FAST_MATH = YES;
				ONLY_ACTIVE_ARCH = YES;
				SDKROOT = iphoneos;
				SWIFT_ACTIVE_COMPILATION_CONDITIONS = DEBUG;
				SWIFT_OPTIMIZATION_LEVEL = "-Onone";
			};
			name = Debug;
		};
		2A03BEE92428BC700094852B /* Release */ = {
			isa = XCBuildConfiguration;
			buildSettings = {
				ALWAYS_SEARCH_USER_PATHS = NO;
				CLANG_ANALYZER_NONNULL = YES;
				CLANG_ANALYZER_NUMBER_OBJECT_CONVERSION = YES_AGGRESSIVE;
				CLANG_CXX_LANGUAGE_STANDARD = "gnu++14";
				CLANG_CXX_LIBRARY = "libc++";
				CLANG_ENABLE_MODULES = YES;
				CLANG_ENABLE_OBJC_ARC = YES;
				CLANG_ENABLE_OBJC_WEAK = YES;
				CLANG_WARN_BLOCK_CAPTURE_AUTORELEASING = YES;
				CLANG_WARN_BOOL_CONVERSION = YES;
				CLANG_WARN_COMMA = YES;
				CLANG_WARN_CONSTANT_CONVERSION = YES;
				CLANG_WARN_DEPRECATED_OBJC_IMPLEMENTATIONS = YES;
				CLANG_WARN_DIRECT_OBJC_ISA_USAGE = YES_ERROR;
				CLANG_WARN_DOCUMENTATION_COMMENTS = YES;
				CLANG_WARN_EMPTY_BODY = YES;
				CLANG_WARN_ENUM_CONVERSION = YES;
				CLANG_WARN_INFINITE_RECURSION = YES;
				CLANG_WARN_INT_CONVERSION = YES;
				CLANG_WARN_NON_LITERAL_NULL_CONVERSION = YES;
				CLANG_WARN_OBJC_IMPLICIT_RETAIN_SELF = YES;
				CLANG_WARN_OBJC_LITERAL_CONVERSION = YES;
				CLANG_WARN_OBJC_ROOT_CLASS = YES_ERROR;
				CLANG_WARN_RANGE_LOOP_ANALYSIS = YES;
				CLANG_WARN_STRICT_PROTOTYPES = YES;
				CLANG_WARN_SUSPICIOUS_MOVE = YES;
				CLANG_WARN_UNGUARDED_AVAILABILITY = YES_AGGRESSIVE;
				CLANG_WARN_UNREACHABLE_CODE = YES;
				CLANG_WARN__DUPLICATE_METHOD_MATCH = YES;
				COPY_PHASE_STRIP = NO;
				DEBUG_INFORMATION_FORMAT = "dwarf-with-dsym";
				ENABLE_NS_ASSERTIONS = NO;
				ENABLE_STRICT_OBJC_MSGSEND = YES;
				GCC_C_LANGUAGE_STANDARD = gnu11;
				GCC_NO_COMMON_BLOCKS = YES;
				GCC_WARN_64_TO_32_BIT_CONVERSION = YES;
				GCC_WARN_ABOUT_RETURN_TYPE = YES_ERROR;
				GCC_WARN_UNDECLARED_SELECTOR = YES;
				GCC_WARN_UNINITIALIZED_AUTOS = YES_AGGRESSIVE;
				GCC_WARN_UNUSED_FUNCTION = YES;
				GCC_WARN_UNUSED_VARIABLE = YES;
				IPHONEOS_DEPLOYMENT_TARGET = 13.4;
				MTL_ENABLE_DEBUG_INFO = NO;
				MTL_FAST_MATH = YES;
				SDKROOT = iphoneos;
				SWIFT_COMPILATION_MODE = wholemodule;
				SWIFT_OPTIMIZATION_LEVEL = "-O";
				VALIDATE_PRODUCT = YES;
			};
			name = Release;
		};
		2A03BEEB2428BC700094852B /* Debug */ = {
			isa = XCBuildConfiguration;
			buildSettings = {
				ASSETCATALOG_COMPILER_APPICON_NAME = AppIcon;
				CODE_SIGN_STYLE = Automatic;
				CURRENT_PROJECT_VERSION = 22;
				DEVELOPMENT_ASSET_PATHS = "\"Covid19Observer/Preview Content\"";
				DEVELOPMENT_TEAM = VRVJ9YNRQU;
				ENABLE_PREVIEWS = YES;
				INFOPLIST_FILE = Covid19Observer/Info.plist;
				LD_RUNPATH_SEARCH_PATHS = (
					"$(inherited)",
					"@executable_path/Frameworks",
				);
				MARKETING_VERSION = 1.12;
				PRODUCT_BUNDLE_IDENTIFIER = com.photoigor.Covid19Observer;
				PRODUCT_NAME = "C19 Observer";
				SWIFT_VERSION = 5.0;
				TARGETED_DEVICE_FAMILY = "1,2";
			};
			name = Debug;
		};
		2A03BEEC2428BC700094852B /* Release */ = {
			isa = XCBuildConfiguration;
			buildSettings = {
				ASSETCATALOG_COMPILER_APPICON_NAME = AppIcon;
				CODE_SIGN_STYLE = Automatic;
				CURRENT_PROJECT_VERSION = 22;
				DEVELOPMENT_ASSET_PATHS = "\"Covid19Observer/Preview Content\"";
				DEVELOPMENT_TEAM = VRVJ9YNRQU;
				ENABLE_PREVIEWS = YES;
				INFOPLIST_FILE = Covid19Observer/Info.plist;
				LD_RUNPATH_SEARCH_PATHS = (
					"$(inherited)",
					"@executable_path/Frameworks",
				);
				MARKETING_VERSION = 1.12;
				PRODUCT_BUNDLE_IDENTIFIER = com.photoigor.Covid19Observer;
				PRODUCT_NAME = "C19 Observer";
				SWIFT_VERSION = 5.0;
				TARGETED_DEVICE_FAMILY = "1,2";
			};
			name = Release;
		};
/* End XCBuildConfiguration section */

/* Begin XCConfigurationList section */
		2A03BED12428BC6F0094852B /* Build configuration list for PBXProject "Covid19Observer" */ = {
			isa = XCConfigurationList;
			buildConfigurations = (
				2A03BEE82428BC700094852B /* Debug */,
				2A03BEE92428BC700094852B /* Release */,
			);
			defaultConfigurationIsVisible = 0;
			defaultConfigurationName = Release;
		};
		2A03BEEA2428BC700094852B /* Build configuration list for PBXNativeTarget "Covid19Observer" */ = {
			isa = XCConfigurationList;
			buildConfigurations = (
				2A03BEEB2428BC700094852B /* Debug */,
				2A03BEEC2428BC700094852B /* Release */,
			);
			defaultConfigurationIsVisible = 0;
			defaultConfigurationName = Release;
		};
/* End XCConfigurationList section */

/* Begin XCRemoteSwiftPackageReference section */
		2A03BEED2428BD3E0094852B /* XCRemoteSwiftPackageReference "SwiftPI" */ = {
			isa = XCRemoteSwiftPackageReference;
			repositoryURL = "https://github.com/igor1309/SwiftPI.git";
			requirement = {
				branch = master;
				kind = branch;
			};
		};
/* End XCRemoteSwiftPackageReference section */

/* Begin XCSwiftPackageProductDependency section */
		2A03BEEE2428BD3F0094852B /* SwiftPI */ = {
			isa = XCSwiftPackageProductDependency;
			package = 2A03BEED2428BD3E0094852B /* XCRemoteSwiftPackageReference "SwiftPI" */;
			productName = SwiftPI;
		};
/* End XCSwiftPackageProductDependency section */
	};
	rootObject = 2A03BECE2428BC6F0094852B /* Project object */;
}
